// !$*UTF8*$!
{
	archiveVersion = 1;
	classes = {
	};
	objectVersion = 46;
	objects = {

/* Begin PBXBuildFile section */
		D82411A11E301BE6006D06E2 /* MainController.swift in Sources */ = {isa = PBXBuildFile; fileRef = D82411A01E301BE6006D06E2 /* MainController.swift */; };
		D82411A31E301D5A006D06E2 /* MainController.swift in Sources */ = {isa = PBXBuildFile; fileRef = D82411A01E301BE6006D06E2 /* MainController.swift */; };
		D82411A51E315517006D06E2 /* TemplateController.swift in Sources */ = {isa = PBXBuildFile; fileRef = D82411A41E315517006D06E2 /* TemplateController.swift */; };
		D82411A61E315517006D06E2 /* TemplateController.swift in Sources */ = {isa = PBXBuildFile; fileRef = D82411A41E315517006D06E2 /* TemplateController.swift */; };
		D826E6BD1D6D2AD8002B91AE /* PhotoTaskHandler.swift in Sources */ = {isa = PBXBuildFile; fileRef = D826E6BC1D6D2AD8002B91AE /* PhotoTaskHandler.swift */; };
		D826E6BF1D6D2B02002B91AE /* NumberTaskHandler.swift in Sources */ = {isa = PBXBuildFile; fileRef = D826E6BE1D6D2B01002B91AE /* NumberTaskHandler.swift */; };
		D826E6C11D6D2B24002B91AE /* TextTaskHandler.swift in Sources */ = {isa = PBXBuildFile; fileRef = D826E6C01D6D2B24002B91AE /* TextTaskHandler.swift */; };
		D826E6C31D6D2B48002B91AE /* ChoiceTaskHandler.swift in Sources */ = {isa = PBXBuildFile; fileRef = D826E6C21D6D2B48002B91AE /* ChoiceTaskHandler.swift */; };
		D8346CF21D6E215000CDC34E /* TaskDescriptions.swift in Sources */ = {isa = PBXBuildFile; fileRef = D8346CF11D6E215000CDC34E /* TaskDescriptions.swift */; };
		D8346CF41D6E21A400CDC34E /* TaskResults.swift in Sources */ = {isa = PBXBuildFile; fileRef = D8346CF31D6E21A400CDC34E /* TaskResults.swift */; };
		D8549B9B1D67871B009DBE7A /* AppDelegate.swift in Sources */ = {isa = PBXBuildFile; fileRef = D8549B9A1D67871B009DBE7A /* AppDelegate.swift */; };
		D8549B9D1D67871B009DBE7A /* FormListController.swift in Sources */ = {isa = PBXBuildFile; fileRef = D8549B9C1D67871B009DBE7A /* FormListController.swift */; };
		D8549BA01D67871B009DBE7A /* Main.storyboard in Resources */ = {isa = PBXBuildFile; fileRef = D8549B9E1D67871B009DBE7A /* Main.storyboard */; };
		D8549BA31D67871B009DBE7A /* FieldTasksApp.xcdatamodeld in Sources */ = {isa = PBXBuildFile; fileRef = D8549BA11D67871B009DBE7A /* FieldTasksApp.xcdatamodeld */; };
		D8549BA51D67871B009DBE7A /* Assets.xcassets in Resources */ = {isa = PBXBuildFile; fileRef = D8549BA41D67871B009DBE7A /* Assets.xcassets */; };
		D8549BA81D67871B009DBE7A /* LaunchScreen.storyboard in Resources */ = {isa = PBXBuildFile; fileRef = D8549BA61D67871B009DBE7A /* LaunchScreen.storyboard */; };
		D8549BCC1D678DFF009DBE7A /* ServerManager.swift in Sources */ = {isa = PBXBuildFile; fileRef = D8549BCB1D678DFF009DBE7A /* ServerManager.swift */; };
		D8549BCE1D67B5D5009DBE7A /* Form.swift in Sources */ = {isa = PBXBuildFile; fileRef = D8549BCD1D67B5D5009DBE7A /* Form.swift */; };
		D8549BD31D67E85A009DBE7A /* FormController.swift in Sources */ = {isa = PBXBuildFile; fileRef = D8549BD21D67E85A009DBE7A /* FormController.swift */; };
		D8549BD51D68A3C3009DBE7A /* TaskController.swift in Sources */ = {isa = PBXBuildFile; fileRef = D8549BD41D68A3C3009DBE7A /* TaskController.swift */; };
		D8549BD71D68C9CC009DBE7A /* FormTask.swift in Sources */ = {isa = PBXBuildFile; fileRef = D8549BD61D68C9CC009DBE7A /* FormTask.swift */; };
		D8549BDA1D6B862F009DBE7A /* TaskHandlers.swift in Sources */ = {isa = PBXBuildFile; fileRef = D8549BD91D6B862F009DBE7A /* TaskHandlers.swift */; };
		D85D53C41D710750006D31F2 /* FormTask.swift in Sources */ = {isa = PBXBuildFile; fileRef = D8549BD61D68C9CC009DBE7A /* FormTask.swift */; };
		D85D53C51D710750006D31F2 /* TaskResults.swift in Sources */ = {isa = PBXBuildFile; fileRef = D8346CF31D6E21A400CDC34E /* TaskResults.swift */; };
		D85D53C61D710750006D31F2 /* FormListController.swift in Sources */ = {isa = PBXBuildFile; fileRef = D8549B9C1D67871B009DBE7A /* FormListController.swift */; };
		D85D53C71D710750006D31F2 /* TextTaskHandler.swift in Sources */ = {isa = PBXBuildFile; fileRef = D826E6C01D6D2B24002B91AE /* TextTaskHandler.swift */; };
		D85D53C81D710750006D31F2 /* FormController.swift in Sources */ = {isa = PBXBuildFile; fileRef = D8549BD21D67E85A009DBE7A /* FormController.swift */; };
		D85D53C91D710750006D31F2 /* NumberTaskHandler.swift in Sources */ = {isa = PBXBuildFile; fileRef = D826E6BE1D6D2B01002B91AE /* NumberTaskHandler.swift */; };
		D85D53CA1D710750006D31F2 /* FieldTasksApp.xcdatamodeld in Sources */ = {isa = PBXBuildFile; fileRef = D8549BA11D67871B009DBE7A /* FieldTasksApp.xcdatamodeld */; };
		D85D53CB1D710750006D31F2 /* Form.swift in Sources */ = {isa = PBXBuildFile; fileRef = D8549BCD1D67B5D5009DBE7A /* Form.swift */; };
		D85D53CC1D710750006D31F2 /* ServerManager.swift in Sources */ = {isa = PBXBuildFile; fileRef = D8549BCB1D678DFF009DBE7A /* ServerManager.swift */; };
		D85D53CD1D710750006D31F2 /* PhotoTaskHandler.swift in Sources */ = {isa = PBXBuildFile; fileRef = D826E6BC1D6D2AD8002B91AE /* PhotoTaskHandler.swift */; };
		D85D53CE1D710750006D31F2 /* TaskDescriptions.swift in Sources */ = {isa = PBXBuildFile; fileRef = D8346CF11D6E215000CDC34E /* TaskDescriptions.swift */; };
		D85D53CF1D710750006D31F2 /* AppDelegate.swift in Sources */ = {isa = PBXBuildFile; fileRef = D8549B9A1D67871B009DBE7A /* AppDelegate.swift */; };
		D85D53D01D710750006D31F2 /* TaskController.swift in Sources */ = {isa = PBXBuildFile; fileRef = D8549BD41D68A3C3009DBE7A /* TaskController.swift */; };
		D85D53D11D710750006D31F2 /* ChoiceTaskHandler.swift in Sources */ = {isa = PBXBuildFile; fileRef = D826E6C21D6D2B48002B91AE /* ChoiceTaskHandler.swift */; };
		D85D53D21D710750006D31F2 /* TaskHandlers.swift in Sources */ = {isa = PBXBuildFile; fileRef = D8549BD91D6B862F009DBE7A /* TaskHandlers.swift */; };
		D85D53D51D710750006D31F2 /* LaunchScreen.storyboard in Resources */ = {isa = PBXBuildFile; fileRef = D8549BA61D67871B009DBE7A /* LaunchScreen.storyboard */; };
		D85D53D61D710750006D31F2 /* Assets.xcassets in Resources */ = {isa = PBXBuildFile; fileRef = D8549BA41D67871B009DBE7A /* Assets.xcassets */; };
		D85D53D71D710750006D31F2 /* Main.storyboard in Resources */ = {isa = PBXBuildFile; fileRef = D8549B9E1D67871B009DBE7A /* Main.storyboard */; };
		D85D53DE1D710D94006D31F2 /* Globals.swift in Sources */ = {isa = PBXBuildFile; fileRef = D85D53DD1D710D94006D31F2 /* Globals.swift */; };
		D85D53E11D711051006D31F2 /* Globals.swift in Sources */ = {isa = PBXBuildFile; fileRef = D85D53DD1D710D94006D31F2 /* Globals.swift */; };
/* End PBXBuildFile section */

/* Begin PBXFileReference section */
		D82411A01E301BE6006D06E2 /* MainController.swift */ = {isa = PBXFileReference; fileEncoding = 4; lastKnownFileType = sourcecode.swift; name = MainController.swift; path = UI/MainController.swift; sourceTree = "<group>"; };
		D82411A41E315517006D06E2 /* TemplateController.swift */ = {isa = PBXFileReference; fileEncoding = 4; lastKnownFileType = sourcecode.swift; name = TemplateController.swift; path = UI/TemplateController.swift; sourceTree = "<group>"; };
		D826E6BC1D6D2AD8002B91AE /* PhotoTaskHandler.swift */ = {isa = PBXFileReference; fileEncoding = 4; lastKnownFileType = sourcecode.swift; lineEnding = 0; path = PhotoTaskHandler.swift; sourceTree = "<group>"; xcLanguageSpecificationIdentifier = xcode.lang.swift; };
		D826E6BE1D6D2B01002B91AE /* NumberTaskHandler.swift */ = {isa = PBXFileReference; fileEncoding = 4; lastKnownFileType = sourcecode.swift; lineEnding = 0; path = NumberTaskHandler.swift; sourceTree = "<group>"; xcLanguageSpecificationIdentifier = xcode.lang.swift; };
		D826E6C01D6D2B24002B91AE /* TextTaskHandler.swift */ = {isa = PBXFileReference; fileEncoding = 4; lastKnownFileType = sourcecode.swift; lineEnding = 0; path = TextTaskHandler.swift; sourceTree = "<group>"; xcLanguageSpecificationIdentifier = xcode.lang.swift; };
		D826E6C21D6D2B48002B91AE /* ChoiceTaskHandler.swift */ = {isa = PBXFileReference; fileEncoding = 4; lastKnownFileType = sourcecode.swift; lineEnding = 0; path = ChoiceTaskHandler.swift; sourceTree = "<group>"; xcLanguageSpecificationIdentifier = xcode.lang.swift; };
		D8346CF11D6E215000CDC34E /* TaskDescriptions.swift */ = {isa = PBXFileReference; fileEncoding = 4; lastKnownFileType = sourcecode.swift; path = TaskDescriptions.swift; sourceTree = "<group>"; };
		D8346CF31D6E21A400CDC34E /* TaskResults.swift */ = {isa = PBXFileReference; fileEncoding = 4; lastKnownFileType = sourcecode.swift; path = TaskResults.swift; sourceTree = "<group>"; };
		D8549B971D67871B009DBE7A /* FieldTasksApp.app */ = {isa = PBXFileReference; explicitFileType = wrapper.application; includeInIndex = 0; path = FieldTasksApp.app; sourceTree = BUILT_PRODUCTS_DIR; };
		D8549B9A1D67871B009DBE7A /* AppDelegate.swift */ = {isa = PBXFileReference; lastKnownFileType = sourcecode.swift; path = AppDelegate.swift; sourceTree = "<group>"; };
		D8549B9C1D67871B009DBE7A /* FormListController.swift */ = {isa = PBXFileReference; lastKnownFileType = sourcecode.swift; path = FormListController.swift; sourceTree = "<group>"; };
		D8549B9F1D67871B009DBE7A /* Base */ = {isa = PBXFileReference; lastKnownFileType = file.storyboard; name = Base; path = Base.lproj/Main.storyboard; sourceTree = "<group>"; };
		D8549BA21D67871B009DBE7A /* FieldTasksApp.xcdatamodel */ = {isa = PBXFileReference; lastKnownFileType = wrapper.xcdatamodel; path = FieldTasksApp.xcdatamodel; sourceTree = "<group>"; };
		D8549BA41D67871B009DBE7A /* Assets.xcassets */ = {isa = PBXFileReference; lastKnownFileType = folder.assetcatalog; path = Assets.xcassets; sourceTree = "<group>"; };
		D8549BA71D67871B009DBE7A /* Base */ = {isa = PBXFileReference; lastKnownFileType = file.storyboard; name = Base; path = Base.lproj/LaunchScreen.storyboard; sourceTree = "<group>"; };
		D8549BA91D67871B009DBE7A /* Info.plist */ = {isa = PBXFileReference; lastKnownFileType = text.plist.xml; path = Info.plist; sourceTree = "<group>"; };
		D8549BB41D67871B009DBE7A /* Info.plist */ = {isa = PBXFileReference; lastKnownFileType = text.plist.xml; path = Info.plist; sourceTree = "<group>"; };
		D8549BBD1D67871B009DBE7A /* FieldTasksAppUITests.swift */ = {isa = PBXFileReference; lastKnownFileType = sourcecode.swift; path = FieldTasksAppUITests.swift; sourceTree = "<group>"; };
		D8549BBF1D67871B009DBE7A /* Info.plist */ = {isa = PBXFileReference; lastKnownFileType = text.plist.xml; path = Info.plist; sourceTree = "<group>"; };
		D8549BCB1D678DFF009DBE7A /* ServerManager.swift */ = {isa = PBXFileReference; fileEncoding = 4; lastKnownFileType = sourcecode.swift; lineEnding = 0; path = ServerManager.swift; sourceTree = "<group>"; xcLanguageSpecificationIdentifier = xcode.lang.swift; };
		D8549BCD1D67B5D5009DBE7A /* Form.swift */ = {isa = PBXFileReference; fileEncoding = 4; lastKnownFileType = sourcecode.swift; path = Form.swift; sourceTree = "<group>"; };
		D8549BD21D67E85A009DBE7A /* FormController.swift */ = {isa = PBXFileReference; fileEncoding = 4; lastKnownFileType = sourcecode.swift; path = FormController.swift; sourceTree = "<group>"; };
		D8549BD41D68A3C3009DBE7A /* TaskController.swift */ = {isa = PBXFileReference; fileEncoding = 4; lastKnownFileType = sourcecode.swift; path = TaskController.swift; sourceTree = "<group>"; };
		D8549BD61D68C9CC009DBE7A /* FormTask.swift */ = {isa = PBXFileReference; fileEncoding = 4; lastKnownFileType = sourcecode.swift; lineEnding = 0; path = FormTask.swift; sourceTree = "<group>"; xcLanguageSpecificationIdentifier = xcode.lang.swift; };
		D8549BD91D6B862F009DBE7A /* TaskHandlers.swift */ = {isa = PBXFileReference; fileEncoding = 4; lastKnownFileType = sourcecode.swift; path = TaskHandlers.swift; sourceTree = "<group>"; };
		D85D53DB1D710750006D31F2 /* FieldTasksApp Local.app */ = {isa = PBXFileReference; explicitFileType = wrapper.application; includeInIndex = 0; path = "FieldTasksApp Local.app"; sourceTree = BUILT_PRODUCTS_DIR; };
		D85D53DC1D710750006D31F2 /* FieldTasksApp copy-Info.plist */ = {isa = PBXFileReference; lastKnownFileType = text.plist.xml; name = "FieldTasksApp copy-Info.plist"; path = "/Users/clarkehill2/Documents/source/FieldTasksApp/FieldTasksApp copy-Info.plist"; sourceTree = "<absolute>"; };
		D85D53DD1D710D94006D31F2 /* Globals.swift */ = {isa = PBXFileReference; fileEncoding = 4; lastKnownFileType = sourcecode.swift; name = Globals.swift; path = ../Globals.swift; sourceTree = "<group>"; };
/* End PBXFileReference section */

/* Begin PBXFrameworksBuildPhase section */
		D8549B941D67871B009DBE7A /* Frameworks */ = {
			isa = PBXFrameworksBuildPhase;
			buildActionMask = 2147483647;
			files = (
			);
			runOnlyForDeploymentPostprocessing = 0;
		};
		D85D53D31D710750006D31F2 /* Frameworks */ = {
			isa = PBXFrameworksBuildPhase;
			buildActionMask = 2147483647;
			files = (
			);
			runOnlyForDeploymentPostprocessing = 0;
		};
/* End PBXFrameworksBuildPhase section */

/* Begin PBXGroup section */
		D82411A21E301C01006D06E2 /* UI */ = {
			isa = PBXGroup;
			children = (
				D8549B9E1D67871B009DBE7A /* Main.storyboard */,
				D82411A01E301BE6006D06E2 /* MainController.swift */,
				D8549B9C1D67871B009DBE7A /* FormListController.swift */,
				D8549BD21D67E85A009DBE7A /* FormController.swift */,
				D8549BD41D68A3C3009DBE7A /* TaskController.swift */,
				D82411A41E315517006D06E2 /* TemplateController.swift */,
			);
			name = UI;
			sourceTree = "<group>";
		};
		D826E6C41D6D2B87002B91AE /* TaskHandlers */ = {
			isa = PBXGroup;
			children = (
				D8549BD91D6B862F009DBE7A /* TaskHandlers.swift */,
				D826E6BC1D6D2AD8002B91AE /* PhotoTaskHandler.swift */,
				D826E6BE1D6D2B01002B91AE /* NumberTaskHandler.swift */,
				D826E6C01D6D2B24002B91AE /* TextTaskHandler.swift */,
				D826E6C21D6D2B48002B91AE /* ChoiceTaskHandler.swift */,
			);
			name = TaskHandlers;
			sourceTree = "<group>";
		};
		D8549B8E1D67871B009DBE7A = {
			isa = PBXGroup;
			children = (
				D8549B991D67871B009DBE7A /* FieldTasksApp */,
				D8549BB11D67871B009DBE7A /* FieldTasksAppTests */,
				D8549BBC1D67871B009DBE7A /* FieldTasksAppUITests */,
				D8549B981D67871B009DBE7A /* Products */,
				D85D53DC1D710750006D31F2 /* FieldTasksApp copy-Info.plist */,
			);
			sourceTree = "<group>";
		};
		D8549B981D67871B009DBE7A /* Products */ = {
			isa = PBXGroup;
			children = (
				D8549B971D67871B009DBE7A /* FieldTasksApp.app */,
				D85D53DB1D710750006D31F2 /* FieldTasksApp Local.app */,
			);
			name = Products;
			sourceTree = "<group>";
		};
		D8549B991D67871B009DBE7A /* FieldTasksApp */ = {
			isa = PBXGroup;
			children = (
				D85D53DD1D710D94006D31F2 /* Globals.swift */,
				D8549B9A1D67871B009DBE7A /* AppDelegate.swift */,
				D82411A21E301C01006D06E2 /* UI */,
				D8549BD81D68C9D7009DBE7A /* Data Classes */,
				D826E6C41D6D2B87002B91AE /* TaskHandlers */,
				D8549BCF1D67B652009DBE7A /* Supporting Files */,
			);
			path = FieldTasksApp;
			sourceTree = "<group>";
		};
		D8549BB11D67871B009DBE7A /* FieldTasksAppTests */ = {
			isa = PBXGroup;
			children = (
				D8549BB41D67871B009DBE7A /* Info.plist */,
			);
			path = FieldTasksAppTests;
			sourceTree = "<group>";
		};
		D8549BBC1D67871B009DBE7A /* FieldTasksAppUITests */ = {
			isa = PBXGroup;
			children = (
				D8549BBD1D67871B009DBE7A /* FieldTasksAppUITests.swift */,
				D8549BBF1D67871B009DBE7A /* Info.plist */,
			);
			path = FieldTasksAppUITests;
			sourceTree = "<group>";
		};
		D8549BCF1D67B652009DBE7A /* Supporting Files */ = {
			isa = PBXGroup;
			children = (
				D8549BA41D67871B009DBE7A /* Assets.xcassets */,
				D8549BA61D67871B009DBE7A /* LaunchScreen.storyboard */,
				D8549BA91D67871B009DBE7A /* Info.plist */,
				D8549BA11D67871B009DBE7A /* FieldTasksApp.xcdatamodeld */,
			);
			name = "Supporting Files";
			sourceTree = "<group>";
		};
		D8549BD81D68C9D7009DBE7A /* Data Classes */ = {
			isa = PBXGroup;
			children = (
				D8549BCB1D678DFF009DBE7A /* ServerManager.swift */,
				D8549BCD1D67B5D5009DBE7A /* Form.swift */,
				D8549BD61D68C9CC009DBE7A /* FormTask.swift */,
				D8346CF11D6E215000CDC34E /* TaskDescriptions.swift */,
				D8346CF31D6E21A400CDC34E /* TaskResults.swift */,
			);
			name = "Data Classes";
			sourceTree = "<group>";
		};
/* End PBXGroup section */

/* Begin PBXNativeTarget section */
		D8549B961D67871B009DBE7A /* FieldTasksApp */ = {
			isa = PBXNativeTarget;
			buildConfigurationList = D8549BC21D67871B009DBE7A /* Build configuration list for PBXNativeTarget "FieldTasksApp" */;
			buildPhases = (
				D8549B931D67871B009DBE7A /* Sources */,
				D8549B941D67871B009DBE7A /* Frameworks */,
				D8549B951D67871B009DBE7A /* Resources */,
			);
			buildRules = (
			);
			dependencies = (
			);
			name = FieldTasksApp;
			productName = FieldTasksApp;
			productReference = D8549B971D67871B009DBE7A /* FieldTasksApp.app */;
			productType = "com.apple.product-type.application";
		};
		D85D53C21D710750006D31F2 /* FieldTasksApp Local */ = {
			isa = PBXNativeTarget;
			buildConfigurationList = D85D53D81D710750006D31F2 /* Build configuration list for PBXNativeTarget "FieldTasksApp Local" */;
			buildPhases = (
				D85D53C31D710750006D31F2 /* Sources */,
				D85D53D31D710750006D31F2 /* Frameworks */,
				D85D53D41D710750006D31F2 /* Resources */,
			);
			buildRules = (
			);
			dependencies = (
			);
			name = "FieldTasksApp Local";
			productName = FieldTasksApp;
			productReference = D85D53DB1D710750006D31F2 /* FieldTasksApp Local.app */;
			productType = "com.apple.product-type.application";
		};
/* End PBXNativeTarget section */

/* Begin PBXProject section */
		D8549B8F1D67871B009DBE7A /* Project object */ = {
			isa = PBXProject;
			attributes = {
				LastSwiftUpdateCheck = 0730;
				LastUpgradeCheck = 0800;
				ORGANIZATIONNAME = CRH;
				TargetAttributes = {
					D8549B961D67871B009DBE7A = {
						CreatedOnToolsVersion = 7.3.1;
						DevelopmentTeam = 4UNCRH2N42;
						LastSwiftMigration = 0800;
					};
					D85D53C21D710750006D31F2 = {
						DevelopmentTeam = 4UNCRH2N42;
						LastSwiftMigration = 0800;
					};
				};
			};
			buildConfigurationList = D8549B921D67871B009DBE7A /* Build configuration list for PBXProject "FieldTasksApp" */;
			compatibilityVersion = "Xcode 3.2";
			developmentRegion = English;
			hasScannedForEncodings = 0;
			knownRegions = (
				en,
				Base,
			);
			mainGroup = D8549B8E1D67871B009DBE7A;
			productRefGroup = D8549B981D67871B009DBE7A /* Products */;
			projectDirPath = "";
			projectRoot = "";
			targets = (
				D8549B961D67871B009DBE7A /* FieldTasksApp */,
				D85D53C21D710750006D31F2 /* FieldTasksApp Local */,
			);
		};
/* End PBXProject section */

/* Begin PBXResourcesBuildPhase section */
		D8549B951D67871B009DBE7A /* Resources */ = {
			isa = PBXResourcesBuildPhase;
			buildActionMask = 2147483647;
			files = (
				D8549BA81D67871B009DBE7A /* LaunchScreen.storyboard in Resources */,
				D8549BA51D67871B009DBE7A /* Assets.xcassets in Resources */,
				D8549BA01D67871B009DBE7A /* Main.storyboard in Resources */,
			);
			runOnlyForDeploymentPostprocessing = 0;
		};
		D85D53D41D710750006D31F2 /* Resources */ = {
			isa = PBXResourcesBuildPhase;
			buildActionMask = 2147483647;
			files = (
				D85D53D51D710750006D31F2 /* LaunchScreen.storyboard in Resources */,
				D85D53D61D710750006D31F2 /* Assets.xcassets in Resources */,
				D85D53D71D710750006D31F2 /* Main.storyboard in Resources */,
			);
			runOnlyForDeploymentPostprocessing = 0;
		};
/* End PBXResourcesBuildPhase section */

/* Begin PBXSourcesBuildPhase section */
		D8549B931D67871B009DBE7A /* Sources */ = {
			isa = PBXSourcesBuildPhase;
			buildActionMask = 2147483647;
			files = (
				D8549BD71D68C9CC009DBE7A /* FormTask.swift in Sources */,
				D8346CF41D6E21A400CDC34E /* TaskResults.swift in Sources */,
				D8549B9D1D67871B009DBE7A /* FormListController.swift in Sources */,
				D826E6C11D6D2B24002B91AE /* TextTaskHandler.swift in Sources */,
				D8549BD31D67E85A009DBE7A /* FormController.swift in Sources */,
				D82411A51E315517006D06E2 /* TemplateController.swift in Sources */,
				D826E6BF1D6D2B02002B91AE /* NumberTaskHandler.swift in Sources */,
				D8549BA31D67871B009DBE7A /* FieldTasksApp.xcdatamodeld in Sources */,
				D82411A11E301BE6006D06E2 /* MainController.swift in Sources */,
				D8549BCE1D67B5D5009DBE7A /* Form.swift in Sources */,
				D8549BCC1D678DFF009DBE7A /* ServerManager.swift in Sources */,
				D826E6BD1D6D2AD8002B91AE /* PhotoTaskHandler.swift in Sources */,
				D8346CF21D6E215000CDC34E /* TaskDescriptions.swift in Sources */,
				D8549B9B1D67871B009DBE7A /* AppDelegate.swift in Sources */,
				D85D53DE1D710D94006D31F2 /* Globals.swift in Sources */,
				D8549BD51D68A3C3009DBE7A /* TaskController.swift in Sources */,
				D826E6C31D6D2B48002B91AE /* ChoiceTaskHandler.swift in Sources */,
				D8549BDA1D6B862F009DBE7A /* TaskHandlers.swift in Sources */,
			);
			runOnlyForDeploymentPostprocessing = 0;
		};
		D85D53C31D710750006D31F2 /* Sources */ = {
			isa = PBXSourcesBuildPhase;
			buildActionMask = 2147483647;
			files = (
				D85D53C41D710750006D31F2 /* FormTask.swift in Sources */,
				D85D53C51D710750006D31F2 /* TaskResults.swift in Sources */,
				D85D53C61D710750006D31F2 /* FormListController.swift in Sources */,
				D85D53C71D710750006D31F2 /* TextTaskHandler.swift in Sources */,
				D85D53C81D710750006D31F2 /* FormController.swift in Sources */,
				D82411A61E315517006D06E2 /* TemplateController.swift in Sources */,
				D85D53C91D710750006D31F2 /* NumberTaskHandler.swift in Sources */,
				D85D53CA1D710750006D31F2 /* FieldTasksApp.xcdatamodeld in Sources */,
				D82411A31E301D5A006D06E2 /* MainController.swift in Sources */,
				D85D53CB1D710750006D31F2 /* Form.swift in Sources */,
				D85D53CC1D710750006D31F2 /* ServerManager.swift in Sources */,
				D85D53CD1D710750006D31F2 /* PhotoTaskHandler.swift in Sources */,
				D85D53CE1D710750006D31F2 /* TaskDescriptions.swift in Sources */,
				D85D53CF1D710750006D31F2 /* AppDelegate.swift in Sources */,
				D85D53E11D711051006D31F2 /* Globals.swift in Sources */,
				D85D53D01D710750006D31F2 /* TaskController.swift in Sources */,
				D85D53D11D710750006D31F2 /* ChoiceTaskHandler.swift in Sources */,
				D85D53D21D710750006D31F2 /* TaskHandlers.swift in Sources */,
			);
			runOnlyForDeploymentPostprocessing = 0;
		};
/* End PBXSourcesBuildPhase section */

/* Begin PBXVariantGroup section */
		D8549B9E1D67871B009DBE7A /* Main.storyboard */ = {
			isa = PBXVariantGroup;
			children = (
				D8549B9F1D67871B009DBE7A /* Base */,
			);
			name = Main.storyboard;
			sourceTree = "<group>";
		};
		D8549BA61D67871B009DBE7A /* LaunchScreen.storyboard */ = {
			isa = PBXVariantGroup;
			children = (
				D8549BA71D67871B009DBE7A /* Base */,
			);
			name = LaunchScreen.storyboard;
			sourceTree = "<group>";
		};
/* End PBXVariantGroup section */

/* Begin XCBuildConfiguration section */
		D8549BC01D67871B009DBE7A /* Debug */ = {
			isa = XCBuildConfiguration;
			buildSettings = {
				ALWAYS_SEARCH_USER_PATHS = NO;
				CLANG_ANALYZER_NONNULL = YES;
				CLANG_CXX_LANGUAGE_STANDARD = "gnu++0x";
				CLANG_CXX_LIBRARY = "libc++";
				CLANG_ENABLE_MODULES = YES;
				CLANG_ENABLE_OBJC_ARC = YES;
				CLANG_WARN_BOOL_CONVERSION = YES;
				CLANG_WARN_CONSTANT_CONVERSION = YES;
				CLANG_WARN_DIRECT_OBJC_ISA_USAGE = YES_ERROR;
				CLANG_WARN_EMPTY_BODY = YES;
				CLANG_WARN_ENUM_CONVERSION = YES;
				CLANG_WARN_INFINITE_RECURSION = YES;
				CLANG_WARN_INT_CONVERSION = YES;
				CLANG_WARN_OBJC_ROOT_CLASS = YES_ERROR;
				CLANG_WARN_SUSPICIOUS_MOVE = YES;
				CLANG_WARN_UNREACHABLE_CODE = YES;
				CLANG_WARN__DUPLICATE_METHOD_MATCH = YES;
				"CODE_SIGN_IDENTITY[sdk=iphoneos*]" = "iPhone Developer";
				COPY_PHASE_STRIP = NO;
				DEBUG_INFORMATION_FORMAT = dwarf;
				ENABLE_STRICT_OBJC_MSGSEND = YES;
				ENABLE_TESTABILITY = YES;
				GCC_C_LANGUAGE_STANDARD = gnu99;
				GCC_DYNAMIC_NO_PIC = NO;
				GCC_NO_COMMON_BLOCKS = YES;
				GCC_OPTIMIZATION_LEVEL = 0;
				GCC_PREPROCESSOR_DEFINITIONS = (
					"DEBUG=1",
					"$(inherited)",
				);
				GCC_WARN_64_TO_32_BIT_CONVERSION = YES;
				GCC_WARN_ABOUT_RETURN_TYPE = YES_ERROR;
				GCC_WARN_UNDECLARED_SELECTOR = YES;
				GCC_WARN_UNINITIALIZED_AUTOS = YES_AGGRESSIVE;
				GCC_WARN_UNUSED_FUNCTION = YES;
				GCC_WARN_UNUSED_VARIABLE = YES;
				IPHONEOS_DEPLOYMENT_TARGET = 9.3;
				MTL_ENABLE_DEBUG_INFO = YES;
				ONLY_ACTIVE_ARCH = YES;
				"OTHER_SWIFT_FLAGS[arch=*]" = "";
				SDKROOT = iphoneos;
				SWIFT_OPTIMIZATION_LEVEL = "-Onone";
				TARGETED_DEVICE_FAMILY = "1,2";
			};
			name = Debug;
		};
		D8549BC11D67871B009DBE7A /* Release */ = {
			isa = XCBuildConfiguration;
			buildSettings = {
				ALWAYS_SEARCH_USER_PATHS = NO;
				CLANG_ANALYZER_NONNULL = YES;
				CLANG_CXX_LANGUAGE_STANDARD = "gnu++0x";
				CLANG_CXX_LIBRARY = "libc++";
				CLANG_ENABLE_MODULES = YES;
				CLANG_ENABLE_OBJC_ARC = YES;
				CLANG_WARN_BOOL_CONVERSION = YES;
				CLANG_WARN_CONSTANT_CONVERSION = YES;
				CLANG_WARN_DIRECT_OBJC_ISA_USAGE = YES_ERROR;
				CLANG_WARN_EMPTY_BODY = YES;
				CLANG_WARN_ENUM_CONVERSION = YES;
				CLANG_WARN_INFINITE_RECURSION = YES;
				CLANG_WARN_INT_CONVERSION = YES;
				CLANG_WARN_OBJC_ROOT_CLASS = YES_ERROR;
				CLANG_WARN_SUSPICIOUS_MOVE = YES;
				CLANG_WARN_UNREACHABLE_CODE = YES;
				CLANG_WARN__DUPLICATE_METHOD_MATCH = YES;
				"CODE_SIGN_IDENTITY[sdk=iphoneos*]" = "iPhone Developer";
				COPY_PHASE_STRIP = NO;
				DEBUG_INFORMATION_FORMAT = "dwarf-with-dsym";
				ENABLE_NS_ASSERTIONS = NO;
				ENABLE_STRICT_OBJC_MSGSEND = YES;
				GCC_C_LANGUAGE_STANDARD = gnu99;
				GCC_NO_COMMON_BLOCKS = YES;
				GCC_WARN_64_TO_32_BIT_CONVERSION = YES;
				GCC_WARN_ABOUT_RETURN_TYPE = YES_ERROR;
				GCC_WARN_UNDECLARED_SELECTOR = YES;
				GCC_WARN_UNINITIALIZED_AUTOS = YES_AGGRESSIVE;
				GCC_WARN_UNUSED_FUNCTION = YES;
				GCC_WARN_UNUSED_VARIABLE = YES;
				IPHONEOS_DEPLOYMENT_TARGET = 9.3;
				MTL_ENABLE_DEBUG_INFO = NO;
				OTHER_SWIFT_FLAGS = "";
				SDKROOT = iphoneos;
				SWIFT_OPTIMIZATION_LEVEL = "-Owholemodule";
				TARGETED_DEVICE_FAMILY = "1,2";
				VALIDATE_PRODUCT = YES;
			};
			name = Release;
		};
		D8549BC31D67871B009DBE7A /* Debug */ = {
			isa = XCBuildConfiguration;
			buildSettings = {
				ASSETCATALOG_COMPILER_APPICON_NAME = AppIcon;
				CODE_SIGN_IDENTITY = "iPhone Developer";
				"CODE_SIGN_IDENTITY[sdk=iphoneos*]" = "iPhone Developer";
				DEVELOPMENT_TEAM = 4UNCRH2N42;
				INFOPLIST_FILE = FieldTasksApp/Info.plist;
				LD_RUNPATH_SEARCH_PATHS = "$(inherited) @executable_path/Frameworks";
				PRODUCT_BUNDLE_IDENTIFIER = nVariance.FieldTasksApp;
				PRODUCT_NAME = "$(TARGET_NAME)";
				PROVISIONING_PROFILE = "";
				SWIFT_VERSION = 3.0;
			};
			name = Debug;
		};
		D8549BC41D67871B009DBE7A /* Release */ = {
			isa = XCBuildConfiguration;
			buildSettings = {
				ASSETCATALOG_COMPILER_APPICON_NAME = AppIcon;
				CODE_SIGN_IDENTITY = "iPhone Developer";
				"CODE_SIGN_IDENTITY[sdk=iphoneos*]" = "iPhone Developer";
				DEVELOPMENT_TEAM = 4UNCRH2N42;
				INFOPLIST_FILE = FieldTasksApp/Info.plist;
				LD_RUNPATH_SEARCH_PATHS = "$(inherited) @executable_path/Frameworks";
				PRODUCT_BUNDLE_IDENTIFIER = nVariance.FieldTasksApp;
				PRODUCT_NAME = "$(TARGET_NAME)";
				PROVISIONING_PROFILE = "";
				SWIFT_VERSION = 3.0;
			};
			name = Release;
		};
		D85D53D91D710750006D31F2 /* Debug */ = {
			isa = XCBuildConfiguration;
			buildSettings = {
				ASSETCATALOG_COMPILER_APPICON_NAME = AppIcon;
				CODE_SIGN_IDENTITY = "iPhone Developer";
				"CODE_SIGN_IDENTITY[sdk=iphoneos*]" = "iPhone Developer";
				DEVELOPMENT_TEAM = 4UNCRH2N42;
				INFOPLIST_FILE = "FieldTasksApp copy-Info.plist";
				LD_RUNPATH_SEARCH_PATHS = "$(inherited) @executable_path/Frameworks";
				"OTHER_SWIFT_FLAGS[arch=*]" = "-D LOCALHOST";
				PRODUCT_BUNDLE_IDENTIFIER = nVariance.FieldTasksApp;
				PRODUCT_NAME = "$(TARGET_NAME)";
				PROVISIONING_PROFILE = "";
				SWIFT_VERSION = 3.0;
			};
			name = Debug;
		};
		D85D53DA1D710750006D31F2 /* Release */ = {
			isa = XCBuildConfiguration;
			buildSettings = {
				ASSETCATALOG_COMPILER_APPICON_NAME = AppIcon;
				CODE_SIGN_IDENTITY = "iPhone Developer";
				"CODE_SIGN_IDENTITY[sdk=iphoneos*]" = "iPhone Developer";
				DEVELOPMENT_TEAM = 4UNCRH2N42;
				INFOPLIST_FILE = "FieldTasksApp copy-Info.plist";
				LD_RUNPATH_SEARCH_PATHS = "$(inherited) @executable_path/Frameworks";
				OTHER_SWIFT_FLAGS = "-D LOCALHOST";
				PRODUCT_BUNDLE_IDENTIFIER = nVariance.FieldTasksApp;
				PRODUCT_NAME = "$(TARGET_NAME)";
				PROVISIONING_PROFILE = "";
				SWIFT_VERSION = 3.0;
			};
			name = Release;
		};
/* End XCBuildConfiguration section */

/* Begin XCConfigurationList section */
		D8549B921D67871B009DBE7A /* Build configuration list for PBXProject "FieldTasksApp" */ = {
			isa = XCConfigurationList;
			buildConfigurations = (
				D8549BC01D67871B009DBE7A /* Debug */,
				D8549BC11D67871B009DBE7A /* Release */,
			);
			defaultConfigurationIsVisible = 0;
			defaultConfigurationName = Release;
		};
		D8549BC21D67871B009DBE7A /* Build configuration list for PBXNativeTarget "FieldTasksApp" */ = {
			isa = XCConfigurationList;
			buildConfigurations = (
				D8549BC31D67871B009DBE7A /* Debug */,
				D8549BC41D67871B009DBE7A /* Release */,
			);
			defaultConfigurationIsVisible = 0;
			defaultConfigurationName = Release;
		};
		D85D53D81D710750006D31F2 /* Build configuration list for PBXNativeTarget "FieldTasksApp Local" */ = {
			isa = XCConfigurationList;
			buildConfigurations = (
				D85D53D91D710750006D31F2 /* Debug */,
				D85D53DA1D710750006D31F2 /* Release */,
			);
			defaultConfigurationIsVisible = 0;
			defaultConfigurationName = Release;
		};
/* End XCConfigurationList section */

/* Begin XCVersionGroup section */
		D8549BA11D67871B009DBE7A /* FieldTasksApp.xcdatamodeld */ = {
			isa = XCVersionGroup;
			children = (
				D8549BA21D67871B009DBE7A /* FieldTasksApp.xcdatamodel */,
			);
			currentVersion = D8549BA21D67871B009DBE7A /* FieldTasksApp.xcdatamodel */;
			path = FieldTasksApp.xcdatamodeld;
			sourceTree = "<group>";
			versionGroupType = wrapper.xcdatamodel;
		};
/* End XCVersionGroup section */
	};
	rootObject = D8549B8F1D67871B009DBE7A /* Project object */;
}
