// !$*UTF8*$!
{
	archiveVersion = 1;
	classes = {
	};
	objectVersion = 46;
	objects = {

/* Begin PBXBuildFile section */
		02DC79A19BED6F37D1045500 /* Pods_FieldTasksApp.framework in Frameworks */ = {isa = PBXBuildFile; fileRef = FE8420CBC9B3A1B24799E213 /* Pods_FieldTasksApp.framework */; };
		2A93717BDF54F2F84376DF30 /* Pods_FieldTasksApp_Local.framework in Frameworks */ = {isa = PBXBuildFile; fileRef = 7BE7A32FB2AD4BDB1E5B9D84 /* Pods_FieldTasksApp_Local.framework */; };
		D81753941E675B95003D8033 /* NumberTaskEditor.swift in Sources */ = {isa = PBXBuildFile; fileRef = D81753931E675B95003D8033 /* NumberTaskEditor.swift */; };
		D81753951E675B95003D8033 /* NumberTaskEditor.swift in Sources */ = {isa = PBXBuildFile; fileRef = D81753931E675B95003D8033 /* NumberTaskEditor.swift */; };
		D81753971E675BAD003D8033 /* TaskTypeEditor.swift in Sources */ = {isa = PBXBuildFile; fileRef = D81753961E675BAD003D8033 /* TaskTypeEditor.swift */; };
		D81753981E675BAD003D8033 /* TaskTypeEditor.swift in Sources */ = {isa = PBXBuildFile; fileRef = D81753961E675BAD003D8033 /* TaskTypeEditor.swift */; };
		D817539D1E675BED003D8033 /* PhotosTaskEditor.swift in Sources */ = {isa = PBXBuildFile; fileRef = D817539C1E675BED003D8033 /* PhotosTaskEditor.swift */; };
		D817539E1E675BED003D8033 /* PhotosTaskEditor.swift in Sources */ = {isa = PBXBuildFile; fileRef = D817539C1E675BED003D8033 /* PhotosTaskEditor.swift */; };
		D81753A01E675C34003D8033 /* ChoicesTaskEditor.swift in Sources */ = {isa = PBXBuildFile; fileRef = D817539F1E675C34003D8033 /* ChoicesTaskEditor.swift */; };
		D81753A11E675C34003D8033 /* ChoicesTaskEditor.swift in Sources */ = {isa = PBXBuildFile; fileRef = D817539F1E675C34003D8033 /* ChoicesTaskEditor.swift */; };
		D81753A61E678368003D8033 /* Templates.storyboard in Resources */ = {isa = PBXBuildFile; fileRef = D81753A51E678368003D8033 /* Templates.storyboard */; };
		D81753A71E678368003D8033 /* Templates.storyboard in Resources */ = {isa = PBXBuildFile; fileRef = D81753A51E678368003D8033 /* Templates.storyboard */; };
		D82411A11E301BE6006D06E2 /* FormsViewer.swift in Sources */ = {isa = PBXBuildFile; fileRef = D82411A01E301BE6006D06E2 /* FormsViewer.swift */; };
		D82411A31E301D5A006D06E2 /* FormsViewer.swift in Sources */ = {isa = PBXBuildFile; fileRef = D82411A01E301BE6006D06E2 /* FormsViewer.swift */; };
		D82411A51E315517006D06E2 /* FormTasksViewer.swift in Sources */ = {isa = PBXBuildFile; fileRef = D82411A41E315517006D06E2 /* FormTasksViewer.swift */; };
		D82411A61E315517006D06E2 /* FormTasksViewer.swift in Sources */ = {isa = PBXBuildFile; fileRef = D82411A41E315517006D06E2 /* FormTasksViewer.swift */; };
		D82411B11E36B405006D06E2 /* flat-ui-icons-regular.ttf in Resources */ = {isa = PBXBuildFile; fileRef = D82411AB1E36B405006D06E2 /* flat-ui-icons-regular.ttf */; };
		D82411B21E36B405006D06E2 /* flat-ui-icons-regular.ttf in Resources */ = {isa = PBXBuildFile; fileRef = D82411AB1E36B405006D06E2 /* flat-ui-icons-regular.ttf */; };
		D82411B31E36B405006D06E2 /* Lato-Bold.ttf in Resources */ = {isa = PBXBuildFile; fileRef = D82411AC1E36B405006D06E2 /* Lato-Bold.ttf */; };
		D82411B41E36B405006D06E2 /* Lato-Bold.ttf in Resources */ = {isa = PBXBuildFile; fileRef = D82411AC1E36B405006D06E2 /* Lato-Bold.ttf */; };
		D82411B51E36B405006D06E2 /* Lato-Italic.ttf in Resources */ = {isa = PBXBuildFile; fileRef = D82411AD1E36B405006D06E2 /* Lato-Italic.ttf */; };
		D82411B61E36B405006D06E2 /* Lato-Italic.ttf in Resources */ = {isa = PBXBuildFile; fileRef = D82411AD1E36B405006D06E2 /* Lato-Italic.ttf */; };
		D82411B71E36B405006D06E2 /* Lato-Light.ttf in Resources */ = {isa = PBXBuildFile; fileRef = D82411AE1E36B405006D06E2 /* Lato-Light.ttf */; };
		D82411B81E36B405006D06E2 /* Lato-Light.ttf in Resources */ = {isa = PBXBuildFile; fileRef = D82411AE1E36B405006D06E2 /* Lato-Light.ttf */; };
		D82411B91E36B405006D06E2 /* Lato-Regular.ttf in Resources */ = {isa = PBXBuildFile; fileRef = D82411AF1E36B405006D06E2 /* Lato-Regular.ttf */; };
		D82411BA1E36B405006D06E2 /* Lato-Regular.ttf in Resources */ = {isa = PBXBuildFile; fileRef = D82411AF1E36B405006D06E2 /* Lato-Regular.ttf */; };
		D835A3E21E635C31002C3EB1 /* Double.swift in Sources */ = {isa = PBXBuildFile; fileRef = D835A3DA1E635C31002C3EB1 /* Double.swift */; };
		D835A3E31E635C31002C3EB1 /* FUIButton.swift in Sources */ = {isa = PBXBuildFile; fileRef = D835A3DB1E635C31002C3EB1 /* FUIButton.swift */; };
		D835A3E41E635C31002C3EB1 /* UIImage.swift in Sources */ = {isa = PBXBuildFile; fileRef = D835A3DC1E635C31002C3EB1 /* UIImage.swift */; };
		D835A3E51E635C31002C3EB1 /* UILabel.swift in Sources */ = {isa = PBXBuildFile; fileRef = D835A3DD1E635C31002C3EB1 /* UILabel.swift */; };
		D835A3E61E635C31002C3EB1 /* UITableViewCell.swift in Sources */ = {isa = PBXBuildFile; fileRef = D835A3DE1E635C31002C3EB1 /* UITableViewCell.swift */; };
		D835A3E71E635C31002C3EB1 /* UITextField.swift in Sources */ = {isa = PBXBuildFile; fileRef = D835A3DF1E635C31002C3EB1 /* UITextField.swift */; };
		D835A3E81E635C31002C3EB1 /* UITextView.swift in Sources */ = {isa = PBXBuildFile; fileRef = D835A3E01E635C31002C3EB1 /* UITextView.swift */; };
		D835A3E91E635C31002C3EB1 /* UIViewController.swift in Sources */ = {isa = PBXBuildFile; fileRef = D835A3E11E635C31002C3EB1 /* UIViewController.swift */; };
		D835A3EC1E635C58002C3EB1 /* Double.swift in Sources */ = {isa = PBXBuildFile; fileRef = D835A3DA1E635C31002C3EB1 /* Double.swift */; };
		D835A3ED1E635C58002C3EB1 /* FUIButton.swift in Sources */ = {isa = PBXBuildFile; fileRef = D835A3DB1E635C31002C3EB1 /* FUIButton.swift */; };
		D835A3EE1E635C58002C3EB1 /* UIImage.swift in Sources */ = {isa = PBXBuildFile; fileRef = D835A3DC1E635C31002C3EB1 /* UIImage.swift */; };
		D835A3EF1E635C58002C3EB1 /* UILabel.swift in Sources */ = {isa = PBXBuildFile; fileRef = D835A3DD1E635C31002C3EB1 /* UILabel.swift */; };
		D835A3F01E635C58002C3EB1 /* UITableViewCell.swift in Sources */ = {isa = PBXBuildFile; fileRef = D835A3DE1E635C31002C3EB1 /* UITableViewCell.swift */; };
		D835A3F11E635C58002C3EB1 /* UITextField.swift in Sources */ = {isa = PBXBuildFile; fileRef = D835A3DF1E635C31002C3EB1 /* UITextField.swift */; };
		D835A3F21E635C58002C3EB1 /* UITextView.swift in Sources */ = {isa = PBXBuildFile; fileRef = D835A3E01E635C31002C3EB1 /* UITextView.swift */; };
		D835A3F31E635C58002C3EB1 /* UIViewController.swift in Sources */ = {isa = PBXBuildFile; fileRef = D835A3E11E635C31002C3EB1 /* UIViewController.swift */; };
		D84AAF2D1E4531EA000D584F /* LocationsViewer.swift in Sources */ = {isa = PBXBuildFile; fileRef = D85C8C0D1E45289300B5404F /* LocationsViewer.swift */; };
		D8549B9B1D67871B009DBE7A /* AppDelegate.swift in Sources */ = {isa = PBXBuildFile; fileRef = D8549B9A1D67871B009DBE7A /* AppDelegate.swift */; };
		D8549BA01D67871B009DBE7A /* Main.storyboard in Resources */ = {isa = PBXBuildFile; fileRef = D8549B9E1D67871B009DBE7A /* Main.storyboard */; };
		D8549BA31D67871B009DBE7A /* FieldTasksApp.xcdatamodeld in Sources */ = {isa = PBXBuildFile; fileRef = D8549BA11D67871B009DBE7A /* FieldTasksApp.xcdatamodeld */; };
		D8549BA51D67871B009DBE7A /* Assets.xcassets in Resources */ = {isa = PBXBuildFile; fileRef = D8549BA41D67871B009DBE7A /* Assets.xcassets */; };
		D8549BA81D67871B009DBE7A /* LaunchScreen.storyboard in Resources */ = {isa = PBXBuildFile; fileRef = D8549BA61D67871B009DBE7A /* LaunchScreen.storyboard */; };
		D858D9561E576B220059E0EF /* checkmark@2x.png in Resources */ = {isa = PBXBuildFile; fileRef = D858D9551E576B220059E0EF /* checkmark@2x.png */; };
		D858D9591E576B720059E0EF /* checkmark@3x.png in Resources */ = {isa = PBXBuildFile; fileRef = D858D9571E576B720059E0EF /* checkmark@3x.png */; };
		D858D95A1E576B720059E0EF /* checkmark.png in Resources */ = {isa = PBXBuildFile; fileRef = D858D9581E576B720059E0EF /* checkmark.png */; };
		D858D95B1E576D770059E0EF /* checkmark@3x.png in Resources */ = {isa = PBXBuildFile; fileRef = D858D9571E576B720059E0EF /* checkmark@3x.png */; };
		D858D95C1E576D770059E0EF /* checkmark.png in Resources */ = {isa = PBXBuildFile; fileRef = D858D9581E576B720059E0EF /* checkmark.png */; };
		D858D95D1E576D770059E0EF /* checkmark@2x.png in Resources */ = {isa = PBXBuildFile; fileRef = D858D9551E576B220059E0EF /* checkmark@2x.png */; };
		D85C8C0E1E45289300B5404F /* LocationsViewer.swift in Sources */ = {isa = PBXBuildFile; fileRef = D85C8C0D1E45289300B5404F /* LocationsViewer.swift */; };
		D85D53CA1D710750006D31F2 /* FieldTasksApp.xcdatamodeld in Sources */ = {isa = PBXBuildFile; fileRef = D8549BA11D67871B009DBE7A /* FieldTasksApp.xcdatamodeld */; };
		D85D53CF1D710750006D31F2 /* AppDelegate.swift in Sources */ = {isa = PBXBuildFile; fileRef = D8549B9A1D67871B009DBE7A /* AppDelegate.swift */; };
		D85D53D51D710750006D31F2 /* LaunchScreen.storyboard in Resources */ = {isa = PBXBuildFile; fileRef = D8549BA61D67871B009DBE7A /* LaunchScreen.storyboard */; };
		D85D53D61D710750006D31F2 /* Assets.xcassets in Resources */ = {isa = PBXBuildFile; fileRef = D8549BA41D67871B009DBE7A /* Assets.xcassets */; };
		D85D53D71D710750006D31F2 /* Main.storyboard in Resources */ = {isa = PBXBuildFile; fileRef = D8549B9E1D67871B009DBE7A /* Main.storyboard */; };
		D85D53DE1D710D94006D31F2 /* Globals.swift in Sources */ = {isa = PBXBuildFile; fileRef = D85D53DD1D710D94006D31F2 /* Globals.swift */; };
		D85D53E11D711051006D31F2 /* Globals.swift in Sources */ = {isa = PBXBuildFile; fileRef = D85D53DD1D710D94006D31F2 /* Globals.swift */; };
		D86BF7261E638F3D00884277 /* Shared.swift in Sources */ = {isa = PBXBuildFile; fileRef = D86BF7251E638F3D00884277 /* Shared.swift */; };
		D86BF7271E63974500884277 /* Shared.swift in Sources */ = {isa = PBXBuildFile; fileRef = D86BF7251E638F3D00884277 /* Shared.swift */; };
		D86BF72D1E6397EC00884277 /* LocationsManager.swift in Sources */ = {isa = PBXBuildFile; fileRef = D86BF72A1E6397EC00884277 /* LocationsManager.swift */; };
		D86BF72E1E6397EC00884277 /* ServerManager.swift in Sources */ = {isa = PBXBuildFile; fileRef = D86BF72B1E6397EC00884277 /* ServerManager.swift */; };
		D86BF72F1E6397EC00884277 /* TemplatesManager.swift in Sources */ = {isa = PBXBuildFile; fileRef = D86BF72C1E6397EC00884277 /* TemplatesManager.swift */; };
		D86BF7301E63982800884277 /* LocationsManager.swift in Sources */ = {isa = PBXBuildFile; fileRef = D86BF72A1E6397EC00884277 /* LocationsManager.swift */; };
		D86BF7311E63982800884277 /* ServerManager.swift in Sources */ = {isa = PBXBuildFile; fileRef = D86BF72B1E6397EC00884277 /* ServerManager.swift */; };
		D86BF7321E63982800884277 /* TemplatesManager.swift in Sources */ = {isa = PBXBuildFile; fileRef = D86BF72C1E6397EC00884277 /* TemplatesManager.swift */; };
		D86BF73C1E63B4AE00884277 /* photo.png in Resources */ = {isa = PBXBuildFile; fileRef = D86BF7391E63B4AE00884277 /* photo.png */; };
		D86BF73D1E63B4AE00884277 /* photo.png in Resources */ = {isa = PBXBuildFile; fileRef = D86BF7391E63B4AE00884277 /* photo.png */; };
		D86BF73E1E63B4AE00884277 /* photo@2x.png in Resources */ = {isa = PBXBuildFile; fileRef = D86BF73A1E63B4AE00884277 /* photo@2x.png */; };
		D86BF73F1E63B4AE00884277 /* photo@2x.png in Resources */ = {isa = PBXBuildFile; fileRef = D86BF73A1E63B4AE00884277 /* photo@2x.png */; };
		D86BF7401E63B4AE00884277 /* photo@3x.png in Resources */ = {isa = PBXBuildFile; fileRef = D86BF73B1E63B4AE00884277 /* photo@3x.png */; };
		D86BF7411E63B4AE00884277 /* photo@3x.png in Resources */ = {isa = PBXBuildFile; fileRef = D86BF73B1E63B4AE00884277 /* photo@3x.png */; };
		D86BF7451E63C60200884277 /* text.png in Resources */ = {isa = PBXBuildFile; fileRef = D86BF7421E63C60200884277 /* text.png */; };
		D86BF7461E63C60200884277 /* text.png in Resources */ = {isa = PBXBuildFile; fileRef = D86BF7421E63C60200884277 /* text.png */; };
		D86BF7471E63C60200884277 /* text@2x.png in Resources */ = {isa = PBXBuildFile; fileRef = D86BF7431E63C60200884277 /* text@2x.png */; };
		D86BF7481E63C60200884277 /* text@2x.png in Resources */ = {isa = PBXBuildFile; fileRef = D86BF7431E63C60200884277 /* text@2x.png */; };
		D86BF7491E63C60200884277 /* text@3x.png in Resources */ = {isa = PBXBuildFile; fileRef = D86BF7441E63C60200884277 /* text@3x.png */; };
		D86BF74A1E63C60200884277 /* text@3x.png in Resources */ = {isa = PBXBuildFile; fileRef = D86BF7441E63C60200884277 /* text@3x.png */; };
		D86BF74E1E63C6FB00884277 /* choices.png in Resources */ = {isa = PBXBuildFile; fileRef = D86BF74B1E63C6FB00884277 /* choices.png */; };
		D86BF74F1E63C6FB00884277 /* choices.png in Resources */ = {isa = PBXBuildFile; fileRef = D86BF74B1E63C6FB00884277 /* choices.png */; };
		D86BF7501E63C6FB00884277 /* choices@2x.png in Resources */ = {isa = PBXBuildFile; fileRef = D86BF74C1E63C6FB00884277 /* choices@2x.png */; };
		D86BF7511E63C6FB00884277 /* choices@2x.png in Resources */ = {isa = PBXBuildFile; fileRef = D86BF74C1E63C6FB00884277 /* choices@2x.png */; };
		D86BF7521E63C6FB00884277 /* choices@3x.png in Resources */ = {isa = PBXBuildFile; fileRef = D86BF74D1E63C6FB00884277 /* choices@3x.png */; };
		D86BF7531E63C6FB00884277 /* choices@3x.png in Resources */ = {isa = PBXBuildFile; fileRef = D86BF74D1E63C6FB00884277 /* choices@3x.png */; };
		D86BF75A1E63CA9B00884277 /* number.png in Resources */ = {isa = PBXBuildFile; fileRef = D86BF7571E63CA9B00884277 /* number.png */; };
		D86BF75B1E63CA9B00884277 /* number.png in Resources */ = {isa = PBXBuildFile; fileRef = D86BF7571E63CA9B00884277 /* number.png */; };
		D86BF75C1E63CA9B00884277 /* number@2x.png in Resources */ = {isa = PBXBuildFile; fileRef = D86BF7581E63CA9B00884277 /* number@2x.png */; };
		D86BF75D1E63CA9B00884277 /* number@2x.png in Resources */ = {isa = PBXBuildFile; fileRef = D86BF7581E63CA9B00884277 /* number@2x.png */; };
		D86BF75E1E63CA9B00884277 /* number@3x.png in Resources */ = {isa = PBXBuildFile; fileRef = D86BF7591E63CA9B00884277 /* number@3x.png */; };
		D86BF75F1E63CA9B00884277 /* number@3x.png in Resources */ = {isa = PBXBuildFile; fileRef = D86BF7591E63CA9B00884277 /* number@3x.png */; };
		D86BF7621E64A2B100884277 /* TasksToolbar.swift in Sources */ = {isa = PBXBuildFile; fileRef = D86BF7611E64A2B100884277 /* TasksToolbar.swift */; };
		D86BF7631E64A2B100884277 /* TasksToolbar.swift in Sources */ = {isa = PBXBuildFile; fileRef = D86BF7611E64A2B100884277 /* TasksToolbar.swift */; };
		D86BF7681E64A42500884277 /* TemplateEditor.swift in Sources */ = {isa = PBXBuildFile; fileRef = D86BF7641E64A42500884277 /* TemplateEditor.swift */; };
		D86BF7691E64A42500884277 /* TemplateEditor.swift in Sources */ = {isa = PBXBuildFile; fileRef = D86BF7641E64A42500884277 /* TemplateEditor.swift */; };
		D86BF76A1E64A42500884277 /* TemplateEditorTable.swift in Sources */ = {isa = PBXBuildFile; fileRef = D86BF7651E64A42500884277 /* TemplateEditorTable.swift */; };
		D86BF76B1E64A42500884277 /* TemplateEditorTable.swift in Sources */ = {isa = PBXBuildFile; fileRef = D86BF7651E64A42500884277 /* TemplateEditorTable.swift */; };
		D86BF76C1E64A42500884277 /* TemplatesViewer.swift in Sources */ = {isa = PBXBuildFile; fileRef = D86BF7661E64A42500884277 /* TemplatesViewer.swift */; };
		D86BF76D1E64A42500884277 /* TemplatesViewer.swift in Sources */ = {isa = PBXBuildFile; fileRef = D86BF7661E64A42500884277 /* TemplatesViewer.swift */; };
		D86BF76E1E64A42500884277 /* TemplatesTable.swift in Sources */ = {isa = PBXBuildFile; fileRef = D86BF7671E64A42500884277 /* TemplatesTable.swift */; };
		D86BF76F1E64A42500884277 /* TemplatesTable.swift in Sources */ = {isa = PBXBuildFile; fileRef = D86BF7671E64A42500884277 /* TemplatesTable.swift */; };
		D86BF7761E64A43800884277 /* ChoicesTaskViewer.swift in Sources */ = {isa = PBXBuildFile; fileRef = D86BF7701E64A43800884277 /* ChoicesTaskViewer.swift */; };
		D86BF7771E64A43800884277 /* ChoicesTaskViewer.swift in Sources */ = {isa = PBXBuildFile; fileRef = D86BF7701E64A43800884277 /* ChoicesTaskViewer.swift */; };
		D86BF7781E64A43800884277 /* NumberTaskViewer.swift in Sources */ = {isa = PBXBuildFile; fileRef = D86BF7711E64A43800884277 /* NumberTaskViewer.swift */; };
		D86BF7791E64A43800884277 /* NumberTaskViewer.swift in Sources */ = {isa = PBXBuildFile; fileRef = D86BF7711E64A43800884277 /* NumberTaskViewer.swift */; };
		D86BF77A1E64A43800884277 /* PhotosTaskViewer.swift in Sources */ = {isa = PBXBuildFile; fileRef = D86BF7721E64A43800884277 /* PhotosTaskViewer.swift */; };
		D86BF77B1E64A43800884277 /* PhotosTaskViewer.swift in Sources */ = {isa = PBXBuildFile; fileRef = D86BF7721E64A43800884277 /* PhotosTaskViewer.swift */; };
		D86BF77C1E64A43800884277 /* TaskController.swift in Sources */ = {isa = PBXBuildFile; fileRef = D86BF7731E64A43800884277 /* TaskController.swift */; };
		D86BF77D1E64A43800884277 /* TaskController.swift in Sources */ = {isa = PBXBuildFile; fileRef = D86BF7731E64A43800884277 /* TaskController.swift */; };
		D86BF77E1E64A43800884277 /* TasksViewer.swift in Sources */ = {isa = PBXBuildFile; fileRef = D86BF7741E64A43800884277 /* TasksViewer.swift */; };
		D86BF77F1E64A43800884277 /* TasksViewer.swift in Sources */ = {isa = PBXBuildFile; fileRef = D86BF7741E64A43800884277 /* TasksViewer.swift */; };
		D86BF7801E64A43800884277 /* TextTaskViewer.swift in Sources */ = {isa = PBXBuildFile; fileRef = D86BF7751E64A43800884277 /* TextTaskViewer.swift */; };
		D86BF7811E64A43800884277 /* TextTaskViewer.swift in Sources */ = {isa = PBXBuildFile; fileRef = D86BF7751E64A43800884277 /* TextTaskViewer.swift */; };
		D86BF7831E64D2E400884277 /* TextTask.swift in Sources */ = {isa = PBXBuildFile; fileRef = D86BF7821E64D2E400884277 /* TextTask.swift */; };
		D86BF7841E64D2E400884277 /* TextTask.swift in Sources */ = {isa = PBXBuildFile; fileRef = D86BF7821E64D2E400884277 /* TextTask.swift */; };
		D86BF7861E64D31E00884277 /* NumberTask.swift in Sources */ = {isa = PBXBuildFile; fileRef = D86BF7851E64D31E00884277 /* NumberTask.swift */; };
		D86BF7871E64D31E00884277 /* NumberTask.swift in Sources */ = {isa = PBXBuildFile; fileRef = D86BF7851E64D31E00884277 /* NumberTask.swift */; };
		D86BF7891E64D35000884277 /* ChoicesTask.swift in Sources */ = {isa = PBXBuildFile; fileRef = D86BF7881E64D35000884277 /* ChoicesTask.swift */; };
		D86BF78A1E64D35000884277 /* ChoicesTask.swift in Sources */ = {isa = PBXBuildFile; fileRef = D86BF7881E64D35000884277 /* ChoicesTask.swift */; };
		D86BF78C1E64D37C00884277 /* PhotosTask.swift in Sources */ = {isa = PBXBuildFile; fileRef = D86BF78B1E64D37C00884277 /* PhotosTask.swift */; };
		D86BF78D1E64D37C00884277 /* PhotosTask.swift in Sources */ = {isa = PBXBuildFile; fileRef = D86BF78B1E64D37C00884277 /* PhotosTask.swift */; };
		D87390171E3BCC5500142FD6 /* PhotoFileList.swift in Sources */ = {isa = PBXBuildFile; fileRef = D87390161E3BCC5500142FD6 /* PhotoFileList.swift */; };
		D87390181E3BCC5500142FD6 /* PhotoFileList.swift in Sources */ = {isa = PBXBuildFile; fileRef = D87390161E3BCC5500142FD6 /* PhotoFileList.swift */; };
		D89299CC1E64FABC00CC2070 /* refresh.png in Resources */ = {isa = PBXBuildFile; fileRef = D89299CB1E64FABC00CC2070 /* refresh.png */; };
		D89299CD1E64FABC00CC2070 /* refresh.png in Resources */ = {isa = PBXBuildFile; fileRef = D89299CB1E64FABC00CC2070 /* refresh.png */; };
		D89299D01E65E6D300CC2070 /* TaskEditor.swift in Sources */ = {isa = PBXBuildFile; fileRef = D89299CF1E65E6D300CC2070 /* TaskEditor.swift */; };
		D89299D11E65E6D300CC2070 /* TaskEditor.swift in Sources */ = {isa = PBXBuildFile; fileRef = D89299CF1E65E6D300CC2070 /* TaskEditor.swift */; };
		D89299D31E65F5C900CC2070 /* TextTaskEditor.swift in Sources */ = {isa = PBXBuildFile; fileRef = D89299D21E65F5C900CC2070 /* TextTaskEditor.swift */; };
		D89299D41E65F5C900CC2070 /* TextTaskEditor.swift in Sources */ = {isa = PBXBuildFile; fileRef = D89299D21E65F5C900CC2070 /* TextTaskEditor.swift */; };
		D89770861E5A98C100A9318D /* refresh@3x.png in Resources */ = {isa = PBXBuildFile; fileRef = D89770831E5A98C100A9318D /* refresh@3x.png */; };
		D89770881E5A98C100A9318D /* refresh@2x.png in Resources */ = {isa = PBXBuildFile; fileRef = D89770851E5A98C100A9318D /* refresh@2x.png */; };
		D897708A1E5A99C900A9318D /* refresh@2x.png in Resources */ = {isa = PBXBuildFile; fileRef = D89770851E5A98C100A9318D /* refresh@2x.png */; };
		D897708B1E5A99C900A9318D /* refresh@3x.png in Resources */ = {isa = PBXBuildFile; fileRef = D89770831E5A98C100A9318D /* refresh@3x.png */; };
		D897708F1E5B730700A9318D /* leftarrow.png in Resources */ = {isa = PBXBuildFile; fileRef = D897708C1E5B730700A9318D /* leftarrow.png */; };
		D89770901E5B730700A9318D /* leftarrow.png in Resources */ = {isa = PBXBuildFile; fileRef = D897708C1E5B730700A9318D /* leftarrow.png */; };
		D89770911E5B730700A9318D /* leftarrow@2x.png in Resources */ = {isa = PBXBuildFile; fileRef = D897708D1E5B730700A9318D /* leftarrow@2x.png */; };
		D89770921E5B730700A9318D /* leftarrow@2x.png in Resources */ = {isa = PBXBuildFile; fileRef = D897708D1E5B730700A9318D /* leftarrow@2x.png */; };
		D89770931E5B730700A9318D /* leftarrow@3x.png in Resources */ = {isa = PBXBuildFile; fileRef = D897708E1E5B730700A9318D /* leftarrow@3x.png */; };
		D89770941E5B730700A9318D /* leftarrow@3x.png in Resources */ = {isa = PBXBuildFile; fileRef = D897708E1E5B730700A9318D /* leftarrow@3x.png */; };
		D89770981E5B731600A9318D /* rightarrow.png in Resources */ = {isa = PBXBuildFile; fileRef = D89770951E5B731600A9318D /* rightarrow.png */; };
		D89770991E5B731600A9318D /* rightarrow.png in Resources */ = {isa = PBXBuildFile; fileRef = D89770951E5B731600A9318D /* rightarrow.png */; };
		D897709A1E5B731600A9318D /* rightarrow@2x.png in Resources */ = {isa = PBXBuildFile; fileRef = D89770961E5B731600A9318D /* rightarrow@2x.png */; };
		D897709B1E5B731600A9318D /* rightarrow@2x.png in Resources */ = {isa = PBXBuildFile; fileRef = D89770961E5B731600A9318D /* rightarrow@2x.png */; };
		D897709C1E5B731600A9318D /* rightarrow@3x.png in Resources */ = {isa = PBXBuildFile; fileRef = D89770971E5B731600A9318D /* rightarrow@3x.png */; };
		D897709D1E5B731600A9318D /* rightarrow@3x.png in Resources */ = {isa = PBXBuildFile; fileRef = D89770971E5B731600A9318D /* rightarrow@3x.png */; };
		D89770A11E5B797500A9318D /* location.png in Resources */ = {isa = PBXBuildFile; fileRef = D897709E1E5B797500A9318D /* location.png */; };
		D89770A21E5B797500A9318D /* location.png in Resources */ = {isa = PBXBuildFile; fileRef = D897709E1E5B797500A9318D /* location.png */; };
		D89770A31E5B797500A9318D /* location@2x.png in Resources */ = {isa = PBXBuildFile; fileRef = D897709F1E5B797500A9318D /* location@2x.png */; };
		D89770A41E5B797500A9318D /* location@2x.png in Resources */ = {isa = PBXBuildFile; fileRef = D897709F1E5B797500A9318D /* location@2x.png */; };
		D89770A51E5B797500A9318D /* location@3x.png in Resources */ = {isa = PBXBuildFile; fileRef = D89770A01E5B797500A9318D /* location@3x.png */; };
		D89770A61E5B797500A9318D /* location@3x.png in Resources */ = {isa = PBXBuildFile; fileRef = D89770A01E5B797500A9318D /* location@3x.png */; };
		D89770AA1E5B801100A9318D /* forms@3x.png in Resources */ = {isa = PBXBuildFile; fileRef = D89770A71E5B801100A9318D /* forms@3x.png */; };
		D89770AB1E5B801100A9318D /* forms@3x.png in Resources */ = {isa = PBXBuildFile; fileRef = D89770A71E5B801100A9318D /* forms@3x.png */; };
		D89770AC1E5B801100A9318D /* forms@2x.png in Resources */ = {isa = PBXBuildFile; fileRef = D89770A81E5B801100A9318D /* forms@2x.png */; };
		D89770AD1E5B801100A9318D /* forms@2x.png in Resources */ = {isa = PBXBuildFile; fileRef = D89770A81E5B801100A9318D /* forms@2x.png */; };
		D89770AE1E5B801100A9318D /* forms.png in Resources */ = {isa = PBXBuildFile; fileRef = D89770A91E5B801100A9318D /* forms.png */; };
		D89770AF1E5B801100A9318D /* forms.png in Resources */ = {isa = PBXBuildFile; fileRef = D89770A91E5B801100A9318D /* forms.png */; };
		D89770B91E5BC09F00A9318D /* plus.png in Resources */ = {isa = PBXBuildFile; fileRef = D89770B61E5BC09F00A9318D /* plus.png */; };
		D89770BA1E5BC09F00A9318D /* plus.png in Resources */ = {isa = PBXBuildFile; fileRef = D89770B61E5BC09F00A9318D /* plus.png */; };
		D89770BB1E5BC09F00A9318D /* plus@2x.png in Resources */ = {isa = PBXBuildFile; fileRef = D89770B71E5BC09F00A9318D /* plus@2x.png */; };
		D89770BC1E5BC09F00A9318D /* plus@2x.png in Resources */ = {isa = PBXBuildFile; fileRef = D89770B71E5BC09F00A9318D /* plus@2x.png */; };
		D89770C01E5BC49200A9318D /* FormsTable.swift in Sources */ = {isa = PBXBuildFile; fileRef = D89770BF1E5BC49200A9318D /* FormsTable.swift */; };
		D89770C11E5BC49200A9318D /* FormsTable.swift in Sources */ = {isa = PBXBuildFile; fileRef = D89770BF1E5BC49200A9318D /* FormsTable.swift */; };
		D89770D21E5CBBFD00A9318D /* LocationEditor.swift in Sources */ = {isa = PBXBuildFile; fileRef = D89770D11E5CBBFD00A9318D /* LocationEditor.swift */; };
		D89770D31E5CBBFD00A9318D /* LocationEditor.swift in Sources */ = {isa = PBXBuildFile; fileRef = D89770D11E5CBBFD00A9318D /* LocationEditor.swift */; };
		D89770D51E5E1B8C00A9318D /* SynchronizedArray.swift in Sources */ = {isa = PBXBuildFile; fileRef = D89770D41E5E1B8C00A9318D /* SynchronizedArray.swift */; };
		D89770D61E5E1B8C00A9318D /* SynchronizedArray.swift in Sources */ = {isa = PBXBuildFile; fileRef = D89770D41E5E1B8C00A9318D /* SynchronizedArray.swift */; };
		D8B820D91E678F0B005527C9 /* FUISwitch.swift in Sources */ = {isa = PBXBuildFile; fileRef = D8B820D81E678F0B005527C9 /* FUISwitch.swift */; };
		D8B820DA1E678F0B005527C9 /* FUISwitch.swift in Sources */ = {isa = PBXBuildFile; fileRef = D8B820D81E678F0B005527C9 /* FUISwitch.swift */; };
		D8DB034C1E4A5247001BA901 /* Template.swift in Sources */ = {isa = PBXBuildFile; fileRef = D8DB034B1E4A5247001BA901 /* Template.swift */; };
		D8DB034D1E4A5274001BA901 /* Template.swift in Sources */ = {isa = PBXBuildFile; fileRef = D8DB034B1E4A5247001BA901 /* Template.swift */; };
		D8F1D6EB1E53A8F200A07F70 /* Icon 76.png in Resources */ = {isa = PBXBuildFile; fileRef = D8F1D6DC1E53A8F200A07F70 /* Icon 76.png */; };
		D8F1D6EC1E53A8F200A07F70 /* Icon 76.png in Resources */ = {isa = PBXBuildFile; fileRef = D8F1D6DC1E53A8F200A07F70 /* Icon 76.png */; };
		D8F1D6ED1E53A8F200A07F70 /* Icon 120.png in Resources */ = {isa = PBXBuildFile; fileRef = D8F1D6DD1E53A8F200A07F70 /* Icon 120.png */; };
		D8F1D6EE1E53A8F200A07F70 /* Icon 120.png in Resources */ = {isa = PBXBuildFile; fileRef = D8F1D6DD1E53A8F200A07F70 /* Icon 120.png */; };
		D8F1D6EF1E53A8F200A07F70 /* Icon 152.png in Resources */ = {isa = PBXBuildFile; fileRef = D8F1D6DE1E53A8F200A07F70 /* Icon 152.png */; };
		D8F1D6F01E53A8F200A07F70 /* Icon 152.png in Resources */ = {isa = PBXBuildFile; fileRef = D8F1D6DE1E53A8F200A07F70 /* Icon 152.png */; };
		D8F1D6F11E53A8F200A07F70 /* Icon 167.png in Resources */ = {isa = PBXBuildFile; fileRef = D8F1D6DF1E53A8F200A07F70 /* Icon 167.png */; };
		D8F1D6F21E53A8F200A07F70 /* Icon 167.png in Resources */ = {isa = PBXBuildFile; fileRef = D8F1D6DF1E53A8F200A07F70 /* Icon 167.png */; };
		D8F1D6F31E53A8F200A07F70 /* Icon 180.png in Resources */ = {isa = PBXBuildFile; fileRef = D8F1D6E01E53A8F200A07F70 /* Icon 180.png */; };
		D8F1D6F41E53A8F200A07F70 /* Icon 180.png in Resources */ = {isa = PBXBuildFile; fileRef = D8F1D6E01E53A8F200A07F70 /* Icon 180.png */; };
		D8F1D6F51E53A8F200A07F70 /* Icon 228.png in Resources */ = {isa = PBXBuildFile; fileRef = D8F1D6E11E53A8F200A07F70 /* Icon 228.png */; };
		D8F1D6F61E53A8F200A07F70 /* Icon 228.png in Resources */ = {isa = PBXBuildFile; fileRef = D8F1D6E11E53A8F200A07F70 /* Icon 228.png */; };
		D8F1D70E1E53A92700A07F70 /* FormViewer.swift in Sources */ = {isa = PBXBuildFile; fileRef = D8F1D70C1E53A92700A07F70 /* FormViewer.swift */; };
		D8F1D70F1E53A92700A07F70 /* FormViewer.swift in Sources */ = {isa = PBXBuildFile; fileRef = D8F1D70C1E53A92700A07F70 /* FormViewer.swift */; };
		D8F1D7181E53A96900A07F70 /* Form.swift in Sources */ = {isa = PBXBuildFile; fileRef = D8F1D7121E53A96900A07F70 /* Form.swift */; };
		D8F1D7191E53A96900A07F70 /* Form.swift in Sources */ = {isa = PBXBuildFile; fileRef = D8F1D7121E53A96900A07F70 /* Form.swift */; };
		D8F1D71A1E53A96900A07F70 /* Task.swift in Sources */ = {isa = PBXBuildFile; fileRef = D8F1D7131E53A96900A07F70 /* Task.swift */; };
		D8F1D71B1E53A96900A07F70 /* Task.swift in Sources */ = {isa = PBXBuildFile; fileRef = D8F1D7131E53A96900A07F70 /* Task.swift */; };
		D8F1D71C1E53A96900A07F70 /* FTLocation.swift in Sources */ = {isa = PBXBuildFile; fileRef = D8F1D7141E53A96900A07F70 /* FTLocation.swift */; };
		D8F1D71D1E53A96900A07F70 /* FTLocation.swift in Sources */ = {isa = PBXBuildFile; fileRef = D8F1D7141E53A96900A07F70 /* FTLocation.swift */; };
/* End PBXBuildFile section */

/* Begin PBXFileReference section */
		4BEB6C5B210DC95D925F6144 /* Pods-FieldTasksApp.release.xcconfig */ = {isa = PBXFileReference; includeInIndex = 1; lastKnownFileType = text.xcconfig; name = "Pods-FieldTasksApp.release.xcconfig"; path = "Pods/Target Support Files/Pods-FieldTasksApp/Pods-FieldTasksApp.release.xcconfig"; sourceTree = "<group>"; };
		65BD1D570094E531AEA25ED4 /* Pods-FieldTasksApp Local.debug.xcconfig */ = {isa = PBXFileReference; includeInIndex = 1; lastKnownFileType = text.xcconfig; name = "Pods-FieldTasksApp Local.debug.xcconfig"; path = "Pods/Target Support Files/Pods-FieldTasksApp Local/Pods-FieldTasksApp Local.debug.xcconfig"; sourceTree = "<group>"; };
		7BE7A32FB2AD4BDB1E5B9D84 /* Pods_FieldTasksApp_Local.framework */ = {isa = PBXFileReference; explicitFileType = wrapper.framework; includeInIndex = 0; path = Pods_FieldTasksApp_Local.framework; sourceTree = BUILT_PRODUCTS_DIR; };
		CAEB5688752EF3DB8FAD426F /* Pods-FieldTasksApp Local.release.xcconfig */ = {isa = PBXFileReference; includeInIndex = 1; lastKnownFileType = text.xcconfig; name = "Pods-FieldTasksApp Local.release.xcconfig"; path = "Pods/Target Support Files/Pods-FieldTasksApp Local/Pods-FieldTasksApp Local.release.xcconfig"; sourceTree = "<group>"; };
		D470DF1679B69F1B3B8C4D0C /* Pods-FieldTasksApp.debug.xcconfig */ = {isa = PBXFileReference; includeInIndex = 1; lastKnownFileType = text.xcconfig; name = "Pods-FieldTasksApp.debug.xcconfig"; path = "Pods/Target Support Files/Pods-FieldTasksApp/Pods-FieldTasksApp.debug.xcconfig"; sourceTree = "<group>"; };
		D81753931E675B95003D8033 /* NumberTaskEditor.swift */ = {isa = PBXFileReference; fileEncoding = 4; lastKnownFileType = sourcecode.swift; name = NumberTaskEditor.swift; path = UI/Templates/NumberTaskEditor.swift; sourceTree = "<group>"; };
		D81753961E675BAD003D8033 /* TaskTypeEditor.swift */ = {isa = PBXFileReference; fileEncoding = 4; lastKnownFileType = sourcecode.swift; name = TaskTypeEditor.swift; path = UI/Templates/TaskTypeEditor.swift; sourceTree = "<group>"; };
		D817539C1E675BED003D8033 /* PhotosTaskEditor.swift */ = {isa = PBXFileReference; fileEncoding = 4; lastKnownFileType = sourcecode.swift; name = PhotosTaskEditor.swift; path = UI/Templates/PhotosTaskEditor.swift; sourceTree = "<group>"; };
		D817539F1E675C34003D8033 /* ChoicesTaskEditor.swift */ = {isa = PBXFileReference; fileEncoding = 4; lastKnownFileType = sourcecode.swift; name = ChoicesTaskEditor.swift; path = UI/Templates/ChoicesTaskEditor.swift; sourceTree = "<group>"; };
		D81753A51E678368003D8033 /* Templates.storyboard */ = {isa = PBXFileReference; fileEncoding = 4; lastKnownFileType = file.storyboard; name = Templates.storyboard; path = UI/Templates/Templates.storyboard; sourceTree = "<group>"; };
		D82411A01E301BE6006D06E2 /* FormsViewer.swift */ = {isa = PBXFileReference; fileEncoding = 4; lastKnownFileType = sourcecode.swift; name = FormsViewer.swift; path = UI/FormsViewer.swift; sourceTree = "<group>"; };
		D82411A41E315517006D06E2 /* FormTasksViewer.swift */ = {isa = PBXFileReference; fileEncoding = 4; lastKnownFileType = sourcecode.swift; name = FormTasksViewer.swift; path = UI/FormTasksViewer.swift; sourceTree = "<group>"; };
		D82411AB1E36B405006D06E2 /* flat-ui-icons-regular.ttf */ = {isa = PBXFileReference; lastKnownFileType = file; name = "flat-ui-icons-regular.ttf"; path = "Resources/flat-ui-icons-regular.ttf"; sourceTree = "<group>"; };
		D82411AC1E36B405006D06E2 /* Lato-Bold.ttf */ = {isa = PBXFileReference; lastKnownFileType = file; name = "Lato-Bold.ttf"; path = "Resources/Lato-Bold.ttf"; sourceTree = "<group>"; };
		D82411AD1E36B405006D06E2 /* Lato-Italic.ttf */ = {isa = PBXFileReference; lastKnownFileType = file; name = "Lato-Italic.ttf"; path = "Resources/Lato-Italic.ttf"; sourceTree = "<group>"; };
		D82411AE1E36B405006D06E2 /* Lato-Light.ttf */ = {isa = PBXFileReference; lastKnownFileType = file; name = "Lato-Light.ttf"; path = "Resources/Lato-Light.ttf"; sourceTree = "<group>"; };
		D82411AF1E36B405006D06E2 /* Lato-Regular.ttf */ = {isa = PBXFileReference; lastKnownFileType = file; name = "Lato-Regular.ttf"; path = "Resources/Lato-Regular.ttf"; sourceTree = "<group>"; };
		D835A3DA1E635C31002C3EB1 /* Double.swift */ = {isa = PBXFileReference; fileEncoding = 4; lastKnownFileType = sourcecode.swift; name = Double.swift; path = Extensions/Double.swift; sourceTree = "<group>"; };
		D835A3DB1E635C31002C3EB1 /* FUIButton.swift */ = {isa = PBXFileReference; fileEncoding = 4; lastKnownFileType = sourcecode.swift; name = FUIButton.swift; path = Extensions/FUIButton.swift; sourceTree = "<group>"; };
		D835A3DC1E635C31002C3EB1 /* UIImage.swift */ = {isa = PBXFileReference; fileEncoding = 4; lastKnownFileType = sourcecode.swift; name = UIImage.swift; path = Extensions/UIImage.swift; sourceTree = "<group>"; };
		D835A3DD1E635C31002C3EB1 /* UILabel.swift */ = {isa = PBXFileReference; fileEncoding = 4; lastKnownFileType = sourcecode.swift; name = UILabel.swift; path = Extensions/UILabel.swift; sourceTree = "<group>"; };
		D835A3DE1E635C31002C3EB1 /* UITableViewCell.swift */ = {isa = PBXFileReference; fileEncoding = 4; lastKnownFileType = sourcecode.swift; name = UITableViewCell.swift; path = Extensions/UITableViewCell.swift; sourceTree = "<group>"; };
		D835A3DF1E635C31002C3EB1 /* UITextField.swift */ = {isa = PBXFileReference; fileEncoding = 4; lastKnownFileType = sourcecode.swift; name = UITextField.swift; path = Extensions/UITextField.swift; sourceTree = "<group>"; };
		D835A3E01E635C31002C3EB1 /* UITextView.swift */ = {isa = PBXFileReference; fileEncoding = 4; lastKnownFileType = sourcecode.swift; name = UITextView.swift; path = Extensions/UITextView.swift; sourceTree = "<group>"; };
		D835A3E11E635C31002C3EB1 /* UIViewController.swift */ = {isa = PBXFileReference; fileEncoding = 4; lastKnownFileType = sourcecode.swift; name = UIViewController.swift; path = Extensions/UIViewController.swift; sourceTree = "<group>"; };
		D8549B971D67871B009DBE7A /* FieldTasksApp.app */ = {isa = PBXFileReference; explicitFileType = wrapper.application; includeInIndex = 0; path = FieldTasksApp.app; sourceTree = BUILT_PRODUCTS_DIR; };
		D8549B9A1D67871B009DBE7A /* AppDelegate.swift */ = {isa = PBXFileReference; lastKnownFileType = sourcecode.swift; path = AppDelegate.swift; sourceTree = "<group>"; };
		D8549B9F1D67871B009DBE7A /* Base */ = {isa = PBXFileReference; lastKnownFileType = file.storyboard; name = Base; path = Base.lproj/Main.storyboard; sourceTree = "<group>"; };
		D8549BA21D67871B009DBE7A /* FieldTasksApp.xcdatamodel */ = {isa = PBXFileReference; lastKnownFileType = wrapper.xcdatamodel; path = FieldTasksApp.xcdatamodel; sourceTree = "<group>"; };
		D8549BA41D67871B009DBE7A /* Assets.xcassets */ = {isa = PBXFileReference; lastKnownFileType = folder.assetcatalog; path = Assets.xcassets; sourceTree = "<group>"; };
		D8549BA71D67871B009DBE7A /* Base */ = {isa = PBXFileReference; lastKnownFileType = file.storyboard; name = Base; path = Base.lproj/LaunchScreen.storyboard; sourceTree = "<group>"; };
		D8549BBD1D67871B009DBE7A /* FieldTasksAppUITests.swift */ = {isa = PBXFileReference; lastKnownFileType = sourcecode.swift; path = FieldTasksAppUITests.swift; sourceTree = "<group>"; };
		D8549BBF1D67871B009DBE7A /* Info.plist */ = {isa = PBXFileReference; lastKnownFileType = text.plist.xml; path = Info.plist; sourceTree = "<group>"; };
		D858D9551E576B220059E0EF /* checkmark@2x.png */ = {isa = PBXFileReference; lastKnownFileType = image.png; name = "checkmark@2x.png"; path = "Images/checkmark@2x.png"; sourceTree = "<group>"; };
		D858D9571E576B720059E0EF /* checkmark@3x.png */ = {isa = PBXFileReference; lastKnownFileType = image.png; name = "checkmark@3x.png"; path = "Images/checkmark@3x.png"; sourceTree = "<group>"; };
		D858D9581E576B720059E0EF /* checkmark.png */ = {isa = PBXFileReference; lastKnownFileType = image.png; name = checkmark.png; path = Images/checkmark.png; sourceTree = "<group>"; };
		D85C8C0D1E45289300B5404F /* LocationsViewer.swift */ = {isa = PBXFileReference; fileEncoding = 4; lastKnownFileType = sourcecode.swift; name = LocationsViewer.swift; path = UI/LocationsViewer.swift; sourceTree = "<group>"; };
		D85D53DB1D710750006D31F2 /* FieldTasksApp Local.app */ = {isa = PBXFileReference; explicitFileType = wrapper.application; includeInIndex = 0; path = "FieldTasksApp Local.app"; sourceTree = BUILT_PRODUCTS_DIR; };
		D85D53DD1D710D94006D31F2 /* Globals.swift */ = {isa = PBXFileReference; fileEncoding = 4; lastKnownFileType = sourcecode.swift; name = Globals.swift; path = ../Globals.swift; sourceTree = "<group>"; };
		D86BF7251E638F3D00884277 /* Shared.swift */ = {isa = PBXFileReference; fileEncoding = 4; lastKnownFileType = sourcecode.swift; name = Shared.swift; path = UI/Shared.swift; sourceTree = "<group>"; };
		D86BF72A1E6397EC00884277 /* LocationsManager.swift */ = {isa = PBXFileReference; fileEncoding = 4; lastKnownFileType = sourcecode.swift; name = LocationsManager.swift; path = Singletons/LocationsManager.swift; sourceTree = "<group>"; };
		D86BF72B1E6397EC00884277 /* ServerManager.swift */ = {isa = PBXFileReference; fileEncoding = 4; lastKnownFileType = sourcecode.swift; name = ServerManager.swift; path = Singletons/ServerManager.swift; sourceTree = "<group>"; };
		D86BF72C1E6397EC00884277 /* TemplatesManager.swift */ = {isa = PBXFileReference; fileEncoding = 4; lastKnownFileType = sourcecode.swift; name = TemplatesManager.swift; path = Singletons/TemplatesManager.swift; sourceTree = "<group>"; };
		D86BF7391E63B4AE00884277 /* photo.png */ = {isa = PBXFileReference; lastKnownFileType = image.png; name = photo.png; path = Images/photo.png; sourceTree = "<group>"; };
		D86BF73A1E63B4AE00884277 /* photo@2x.png */ = {isa = PBXFileReference; lastKnownFileType = image.png; name = "photo@2x.png"; path = "Images/photo@2x.png"; sourceTree = "<group>"; };
		D86BF73B1E63B4AE00884277 /* photo@3x.png */ = {isa = PBXFileReference; lastKnownFileType = image.png; name = "photo@3x.png"; path = "Images/photo@3x.png"; sourceTree = "<group>"; };
		D86BF7421E63C60200884277 /* text.png */ = {isa = PBXFileReference; lastKnownFileType = image.png; name = text.png; path = Images/text.png; sourceTree = "<group>"; };
		D86BF7431E63C60200884277 /* text@2x.png */ = {isa = PBXFileReference; lastKnownFileType = image.png; name = "text@2x.png"; path = "Images/text@2x.png"; sourceTree = "<group>"; };
		D86BF7441E63C60200884277 /* text@3x.png */ = {isa = PBXFileReference; lastKnownFileType = image.png; name = "text@3x.png"; path = "Images/text@3x.png"; sourceTree = "<group>"; };
		D86BF74B1E63C6FB00884277 /* choices.png */ = {isa = PBXFileReference; lastKnownFileType = image.png; name = choices.png; path = Images/choices.png; sourceTree = "<group>"; };
		D86BF74C1E63C6FB00884277 /* choices@2x.png */ = {isa = PBXFileReference; lastKnownFileType = image.png; name = "choices@2x.png"; path = "Images/choices@2x.png"; sourceTree = "<group>"; };
		D86BF74D1E63C6FB00884277 /* choices@3x.png */ = {isa = PBXFileReference; lastKnownFileType = image.png; name = "choices@3x.png"; path = "Images/choices@3x.png"; sourceTree = "<group>"; };
		D86BF7571E63CA9B00884277 /* number.png */ = {isa = PBXFileReference; lastKnownFileType = image.png; name = number.png; path = Images/number.png; sourceTree = "<group>"; };
		D86BF7581E63CA9B00884277 /* number@2x.png */ = {isa = PBXFileReference; lastKnownFileType = image.png; name = "number@2x.png"; path = "Images/number@2x.png"; sourceTree = "<group>"; };
		D86BF7591E63CA9B00884277 /* number@3x.png */ = {isa = PBXFileReference; lastKnownFileType = image.png; name = "number@3x.png"; path = "Images/number@3x.png"; sourceTree = "<group>"; };
		D86BF7611E64A2B100884277 /* TasksToolbar.swift */ = {isa = PBXFileReference; fileEncoding = 4; lastKnownFileType = sourcecode.swift; name = TasksToolbar.swift; path = UI/Templates/TasksToolbar.swift; sourceTree = "<group>"; };
		D86BF7641E64A42500884277 /* TemplateEditor.swift */ = {isa = PBXFileReference; fileEncoding = 4; lastKnownFileType = sourcecode.swift; name = TemplateEditor.swift; path = UI/Templates/TemplateEditor.swift; sourceTree = "<group>"; };
		D86BF7651E64A42500884277 /* TemplateEditorTable.swift */ = {isa = PBXFileReference; fileEncoding = 4; lastKnownFileType = sourcecode.swift; name = TemplateEditorTable.swift; path = UI/Templates/TemplateEditorTable.swift; sourceTree = "<group>"; };
		D86BF7661E64A42500884277 /* TemplatesViewer.swift */ = {isa = PBXFileReference; fileEncoding = 4; lastKnownFileType = sourcecode.swift; name = TemplatesViewer.swift; path = UI/Templates/TemplatesViewer.swift; sourceTree = "<group>"; };
		D86BF7671E64A42500884277 /* TemplatesTable.swift */ = {isa = PBXFileReference; fileEncoding = 4; lastKnownFileType = sourcecode.swift; name = TemplatesTable.swift; path = UI/Templates/TemplatesTable.swift; sourceTree = "<group>"; };
		D86BF7701E64A43800884277 /* ChoicesTaskViewer.swift */ = {isa = PBXFileReference; fileEncoding = 4; lastKnownFileType = sourcecode.swift; name = ChoicesTaskViewer.swift; path = UI/FormTasks/ChoicesTaskViewer.swift; sourceTree = "<group>"; };
		D86BF7711E64A43800884277 /* NumberTaskViewer.swift */ = {isa = PBXFileReference; fileEncoding = 4; lastKnownFileType = sourcecode.swift; name = NumberTaskViewer.swift; path = UI/FormTasks/NumberTaskViewer.swift; sourceTree = "<group>"; };
		D86BF7721E64A43800884277 /* PhotosTaskViewer.swift */ = {isa = PBXFileReference; fileEncoding = 4; lastKnownFileType = sourcecode.swift; name = PhotosTaskViewer.swift; path = UI/FormTasks/PhotosTaskViewer.swift; sourceTree = "<group>"; };
		D86BF7731E64A43800884277 /* TaskController.swift */ = {isa = PBXFileReference; fileEncoding = 4; lastKnownFileType = sourcecode.swift; name = TaskController.swift; path = UI/FormTasks/TaskController.swift; sourceTree = "<group>"; };
		D86BF7741E64A43800884277 /* TasksViewer.swift */ = {isa = PBXFileReference; fileEncoding = 4; lastKnownFileType = sourcecode.swift; name = TasksViewer.swift; path = UI/FormTasks/TasksViewer.swift; sourceTree = "<group>"; };
		D86BF7751E64A43800884277 /* TextTaskViewer.swift */ = {isa = PBXFileReference; fileEncoding = 4; lastKnownFileType = sourcecode.swift; name = TextTaskViewer.swift; path = UI/FormTasks/TextTaskViewer.swift; sourceTree = "<group>"; };
		D86BF7821E64D2E400884277 /* TextTask.swift */ = {isa = PBXFileReference; fileEncoding = 4; lastKnownFileType = sourcecode.swift; name = TextTask.swift; path = Data/TextTask.swift; sourceTree = "<group>"; };
		D86BF7851E64D31E00884277 /* NumberTask.swift */ = {isa = PBXFileReference; fileEncoding = 4; lastKnownFileType = sourcecode.swift; name = NumberTask.swift; path = Data/NumberTask.swift; sourceTree = "<group>"; };
		D86BF7881E64D35000884277 /* ChoicesTask.swift */ = {isa = PBXFileReference; fileEncoding = 4; lastKnownFileType = sourcecode.swift; name = ChoicesTask.swift; path = Data/Tasks/ChoicesTask.swift; sourceTree = "<group>"; };
		D86BF78B1E64D37C00884277 /* PhotosTask.swift */ = {isa = PBXFileReference; fileEncoding = 4; lastKnownFileType = sourcecode.swift; name = PhotosTask.swift; path = Data/Tasks/PhotosTask.swift; sourceTree = "<group>"; };
		D87390161E3BCC5500142FD6 /* PhotoFileList.swift */ = {isa = PBXFileReference; fileEncoding = 4; lastKnownFileType = sourcecode.swift; name = PhotoFileList.swift; path = Data/PhotoFileList.swift; sourceTree = "<group>"; };
		D89299CB1E64FABC00CC2070 /* refresh.png */ = {isa = PBXFileReference; lastKnownFileType = image.png; name = refresh.png; path = Images/refresh.png; sourceTree = "<group>"; };
		D89299CF1E65E6D300CC2070 /* TaskEditor.swift */ = {isa = PBXFileReference; fileEncoding = 4; lastKnownFileType = sourcecode.swift; name = TaskEditor.swift; path = UI/FormTasks/TaskEditor.swift; sourceTree = "<group>"; };
		D89299D21E65F5C900CC2070 /* TextTaskEditor.swift */ = {isa = PBXFileReference; fileEncoding = 4; lastKnownFileType = sourcecode.swift; name = TextTaskEditor.swift; path = UI/Templates/TextTaskEditor.swift; sourceTree = "<group>"; };
		D89770831E5A98C100A9318D /* refresh@3x.png */ = {isa = PBXFileReference; lastKnownFileType = image.png; name = "refresh@3x.png"; path = "Images/refresh@3x.png"; sourceTree = "<group>"; };
		D89770851E5A98C100A9318D /* refresh@2x.png */ = {isa = PBXFileReference; lastKnownFileType = image.png; name = "refresh@2x.png"; path = "Images/refresh@2x.png"; sourceTree = "<group>"; };
		D897708C1E5B730700A9318D /* leftarrow.png */ = {isa = PBXFileReference; lastKnownFileType = image.png; name = leftarrow.png; path = Images/leftarrow.png; sourceTree = "<group>"; };
		D897708D1E5B730700A9318D /* leftarrow@2x.png */ = {isa = PBXFileReference; lastKnownFileType = image.png; name = "leftarrow@2x.png"; path = "Images/leftarrow@2x.png"; sourceTree = "<group>"; };
		D897708E1E5B730700A9318D /* leftarrow@3x.png */ = {isa = PBXFileReference; lastKnownFileType = image.png; name = "leftarrow@3x.png"; path = "Images/leftarrow@3x.png"; sourceTree = "<group>"; };
		D89770951E5B731600A9318D /* rightarrow.png */ = {isa = PBXFileReference; lastKnownFileType = image.png; name = rightarrow.png; path = Images/rightarrow.png; sourceTree = "<group>"; };
		D89770961E5B731600A9318D /* rightarrow@2x.png */ = {isa = PBXFileReference; lastKnownFileType = image.png; name = "rightarrow@2x.png"; path = "Images/rightarrow@2x.png"; sourceTree = "<group>"; };
		D89770971E5B731600A9318D /* rightarrow@3x.png */ = {isa = PBXFileReference; lastKnownFileType = image.png; name = "rightarrow@3x.png"; path = "Images/rightarrow@3x.png"; sourceTree = "<group>"; };
		D897709E1E5B797500A9318D /* location.png */ = {isa = PBXFileReference; lastKnownFileType = image.png; name = location.png; path = Images/location.png; sourceTree = "<group>"; };
		D897709F1E5B797500A9318D /* location@2x.png */ = {isa = PBXFileReference; lastKnownFileType = image.png; name = "location@2x.png"; path = "Images/location@2x.png"; sourceTree = "<group>"; };
		D89770A01E5B797500A9318D /* location@3x.png */ = {isa = PBXFileReference; lastKnownFileType = image.png; name = "location@3x.png"; path = "Images/location@3x.png"; sourceTree = "<group>"; };
		D89770A71E5B801100A9318D /* forms@3x.png */ = {isa = PBXFileReference; lastKnownFileType = image.png; name = "forms@3x.png"; path = "Images/forms@3x.png"; sourceTree = "<group>"; };
		D89770A81E5B801100A9318D /* forms@2x.png */ = {isa = PBXFileReference; lastKnownFileType = image.png; name = "forms@2x.png"; path = "Images/forms@2x.png"; sourceTree = "<group>"; };
		D89770A91E5B801100A9318D /* forms.png */ = {isa = PBXFileReference; lastKnownFileType = image.png; name = forms.png; path = Images/forms.png; sourceTree = "<group>"; };
		D89770B61E5BC09F00A9318D /* plus.png */ = {isa = PBXFileReference; lastKnownFileType = image.png; name = plus.png; path = Images/plus.png; sourceTree = "<group>"; };
		D89770B71E5BC09F00A9318D /* plus@2x.png */ = {isa = PBXFileReference; lastKnownFileType = image.png; name = "plus@2x.png"; path = "Images/plus@2x.png"; sourceTree = "<group>"; };
		D89770BF1E5BC49200A9318D /* FormsTable.swift */ = {isa = PBXFileReference; fileEncoding = 4; lastKnownFileType = sourcecode.swift; name = FormsTable.swift; path = UI/FormsTable.swift; sourceTree = "<group>"; };
		D89770D11E5CBBFD00A9318D /* LocationEditor.swift */ = {isa = PBXFileReference; fileEncoding = 4; lastKnownFileType = sourcecode.swift; name = LocationEditor.swift; path = UI/LocationEditor.swift; sourceTree = "<group>"; };
		D89770D41E5E1B8C00A9318D /* SynchronizedArray.swift */ = {isa = PBXFileReference; fileEncoding = 4; lastKnownFileType = sourcecode.swift; name = SynchronizedArray.swift; path = Data/SynchronizedArray.swift; sourceTree = "<group>"; };
		D8B820D81E678F0B005527C9 /* FUISwitch.swift */ = {isa = PBXFileReference; fileEncoding = 4; lastKnownFileType = sourcecode.swift; name = FUISwitch.swift; path = Extensions/FUISwitch.swift; sourceTree = "<group>"; };
		D8DB034B1E4A5247001BA901 /* Template.swift */ = {isa = PBXFileReference; fileEncoding = 4; lastKnownFileType = sourcecode.swift; name = Template.swift; path = Data/Template.swift; sourceTree = "<group>"; };
		D8F1D6DC1E53A8F200A07F70 /* Icon 76.png */ = {isa = PBXFileReference; lastKnownFileType = image.png; name = "Icon 76.png"; path = "Images/Icon 76.png"; sourceTree = "<group>"; };
		D8F1D6DD1E53A8F200A07F70 /* Icon 120.png */ = {isa = PBXFileReference; lastKnownFileType = image.png; name = "Icon 120.png"; path = "Images/Icon 120.png"; sourceTree = "<group>"; };
		D8F1D6DE1E53A8F200A07F70 /* Icon 152.png */ = {isa = PBXFileReference; lastKnownFileType = image.png; name = "Icon 152.png"; path = "Images/Icon 152.png"; sourceTree = "<group>"; };
		D8F1D6DF1E53A8F200A07F70 /* Icon 167.png */ = {isa = PBXFileReference; lastKnownFileType = image.png; name = "Icon 167.png"; path = "Images/Icon 167.png"; sourceTree = "<group>"; };
		D8F1D6E01E53A8F200A07F70 /* Icon 180.png */ = {isa = PBXFileReference; lastKnownFileType = image.png; name = "Icon 180.png"; path = "Images/Icon 180.png"; sourceTree = "<group>"; };
		D8F1D6E11E53A8F200A07F70 /* Icon 228.png */ = {isa = PBXFileReference; lastKnownFileType = image.png; name = "Icon 228.png"; path = "Images/Icon 228.png"; sourceTree = "<group>"; };
		D8F1D70C1E53A92700A07F70 /* FormViewer.swift */ = {isa = PBXFileReference; fileEncoding = 4; lastKnownFileType = sourcecode.swift; name = FormViewer.swift; path = UI/FormViewer.swift; sourceTree = "<group>"; };
		D8F1D7121E53A96900A07F70 /* Form.swift */ = {isa = PBXFileReference; fileEncoding = 4; lastKnownFileType = sourcecode.swift; name = Form.swift; path = Data/Form.swift; sourceTree = "<group>"; };
		D8F1D7131E53A96900A07F70 /* Task.swift */ = {isa = PBXFileReference; fileEncoding = 4; lastKnownFileType = sourcecode.swift; name = Task.swift; path = Data/Task.swift; sourceTree = "<group>"; };
		D8F1D7141E53A96900A07F70 /* FTLocation.swift */ = {isa = PBXFileReference; fileEncoding = 4; lastKnownFileType = sourcecode.swift; name = FTLocation.swift; path = Data/FTLocation.swift; sourceTree = "<group>"; };
		FE8420CBC9B3A1B24799E213 /* Pods_FieldTasksApp.framework */ = {isa = PBXFileReference; explicitFileType = wrapper.framework; includeInIndex = 0; path = Pods_FieldTasksApp.framework; sourceTree = BUILT_PRODUCTS_DIR; };
/* End PBXFileReference section */

/* Begin PBXFrameworksBuildPhase section */
		D8549B941D67871B009DBE7A /* Frameworks */ = {
			isa = PBXFrameworksBuildPhase;
			buildActionMask = 2147483647;
			files = (
				02DC79A19BED6F37D1045500 /* Pods_FieldTasksApp.framework in Frameworks */,
			);
			runOnlyForDeploymentPostprocessing = 0;
		};
		D85D53D31D710750006D31F2 /* Frameworks */ = {
			isa = PBXFrameworksBuildPhase;
			buildActionMask = 2147483647;
			files = (
				2A93717BDF54F2F84376DF30 /* Pods_FieldTasksApp_Local.framework in Frameworks */,
			);
			runOnlyForDeploymentPostprocessing = 0;
		};
/* End PBXFrameworksBuildPhase section */

/* Begin PBXGroup section */
		733A03F4D593960BF82AEDC1 /* Pods */ = {
			isa = PBXGroup;
			children = (
				D470DF1679B69F1B3B8C4D0C /* Pods-FieldTasksApp.debug.xcconfig */,
				4BEB6C5B210DC95D925F6144 /* Pods-FieldTasksApp.release.xcconfig */,
				65BD1D570094E531AEA25ED4 /* Pods-FieldTasksApp Local.debug.xcconfig */,
				CAEB5688752EF3DB8FAD426F /* Pods-FieldTasksApp Local.release.xcconfig */,
			);
			name = Pods;
			sourceTree = "<group>";
		};
		97468B23C682C8E9694ECBA1 /* Frameworks */ = {
			isa = PBXGroup;
			children = (
				FE8420CBC9B3A1B24799E213 /* Pods_FieldTasksApp.framework */,
				7BE7A32FB2AD4BDB1E5B9D84 /* Pods_FieldTasksApp_Local.framework */,
			);
			name = Frameworks;
			sourceTree = "<group>";
		};
		D82411A21E301C01006D06E2 /* UI */ = {
			isa = PBXGroup;
			children = (
				D8F234411E68DB000043D1C7 /* Views */,
				D86BF7251E638F3D00884277 /* Shared.swift */,
				D8549B9E1D67871B009DBE7A /* Main.storyboard */,
				D82411A01E301BE6006D06E2 /* FormsViewer.swift */,
				D89770BF1E5BC49200A9318D /* FormsTable.swift */,
				D8F1D70C1E53A92700A07F70 /* FormViewer.swift */,
				D85C8C0D1E45289300B5404F /* LocationsViewer.swift */,
				D89770D11E5CBBFD00A9318D /* LocationEditor.swift */,
				D86BF7601E64A25800884277 /* Templates */,
				D826E6C41D6D2B87002B91AE /* FormTasks */,
			);
			name = UI;
			sourceTree = "<group>";
		};
		D82411B01E36B405006D06E2 /* FlatUIKit Resources */ = {
			isa = PBXGroup;
			children = (
				D82411AB1E36B405006D06E2 /* flat-ui-icons-regular.ttf */,
				D82411AC1E36B405006D06E2 /* Lato-Bold.ttf */,
				D82411AD1E36B405006D06E2 /* Lato-Italic.ttf */,
				D82411AE1E36B405006D06E2 /* Lato-Light.ttf */,
				D82411AF1E36B405006D06E2 /* Lato-Regular.ttf */,
			);
			name = "FlatUIKit Resources";
			path = ../Pods/FlatUIKit;
			sourceTree = "<group>";
		};
		D826E6C41D6D2B87002B91AE /* FormTasks */ = {
			isa = PBXGroup;
			children = (
				D82411A41E315517006D06E2 /* FormTasksViewer.swift */,
				D86BF7741E64A43800884277 /* TasksViewer.swift */,
				D86BF7731E64A43800884277 /* TaskController.swift */,
				D86BF7701E64A43800884277 /* ChoicesTaskViewer.swift */,
				D86BF7711E64A43800884277 /* NumberTaskViewer.swift */,
				D86BF7721E64A43800884277 /* PhotosTaskViewer.swift */,
				D86BF7751E64A43800884277 /* TextTaskViewer.swift */,
			);
			name = FormTasks;
			sourceTree = "<group>";
		};
		D8549B8E1D67871B009DBE7A = {
			isa = PBXGroup;
			children = (
				D8549B991D67871B009DBE7A /* FieldTasksApp */,
				D8549BB11D67871B009DBE7A /* FieldTasksAppTests */,
				D8549BBC1D67871B009DBE7A /* FieldTasksAppUITests */,
				D8549B981D67871B009DBE7A /* Products */,
				733A03F4D593960BF82AEDC1 /* Pods */,
				97468B23C682C8E9694ECBA1 /* Frameworks */,
			);
			sourceTree = "<group>";
		};
		D8549B981D67871B009DBE7A /* Products */ = {
			isa = PBXGroup;
			children = (
				D8549B971D67871B009DBE7A /* FieldTasksApp.app */,
				D85D53DB1D710750006D31F2 /* FieldTasksApp Local.app */,
			);
			name = Products;
			sourceTree = "<group>";
		};
		D8549B991D67871B009DBE7A /* FieldTasksApp */ = {
			isa = PBXGroup;
			children = (
				D8549BA61D67871B009DBE7A /* LaunchScreen.storyboard */,
				D8549B9A1D67871B009DBE7A /* AppDelegate.swift */,
				D85D53DD1D710D94006D31F2 /* Globals.swift */,
				D82411A21E301C01006D06E2 /* UI */,
				D8E9547C1E622F71004D5D4C /* Singletons */,
				D8C165CB1E47EBEE00129439 /* Extensions */,
				D8549BD81D68C9D7009DBE7A /* Data Classes */,
				D8549BCF1D67B652009DBE7A /* Supporting Files */,
			);
			path = FieldTasksApp;
			sourceTree = "<group>";
		};
		D8549BB11D67871B009DBE7A /* FieldTasksAppTests */ = {
			isa = PBXGroup;
			children = (
			);
			path = FieldTasksAppTests;
			sourceTree = "<group>";
		};
		D8549BBC1D67871B009DBE7A /* FieldTasksAppUITests */ = {
			isa = PBXGroup;
			children = (
				D8549BBD1D67871B009DBE7A /* FieldTasksAppUITests.swift */,
				D8549BBF1D67871B009DBE7A /* Info.plist */,
			);
			path = FieldTasksAppUITests;
			sourceTree = "<group>";
		};
		D8549BCF1D67B652009DBE7A /* Supporting Files */ = {
			isa = PBXGroup;
			children = (
				D8C165E61E48FFD000129439 /* Images */,
				D82411B01E36B405006D06E2 /* FlatUIKit Resources */,
				D8549BA41D67871B009DBE7A /* Assets.xcassets */,
				D8549BA11D67871B009DBE7A /* FieldTasksApp.xcdatamodeld */,
			);
			name = "Supporting Files";
			sourceTree = "<group>";
		};
		D8549BD81D68C9D7009DBE7A /* Data Classes */ = {
			isa = PBXGroup;
			children = (
				D858D94B1E54DDC00059E0EF /* Tasks */,
				D8F1D7121E53A96900A07F70 /* Form.swift */,
				D8DB034B1E4A5247001BA901 /* Template.swift */,
				D87390161E3BCC5500142FD6 /* PhotoFileList.swift */,
				D8F1D7141E53A96900A07F70 /* FTLocation.swift */,
				D89770D41E5E1B8C00A9318D /* SynchronizedArray.swift */,
			);
			name = "Data Classes";
			sourceTree = "<group>";
		};
		D858D94B1E54DDC00059E0EF /* Tasks */ = {
			isa = PBXGroup;
			children = (
				D8F1D7131E53A96900A07F70 /* Task.swift */,
				D86BF7821E64D2E400884277 /* TextTask.swift */,
				D86BF7851E64D31E00884277 /* NumberTask.swift */,
				D86BF7881E64D35000884277 /* ChoicesTask.swift */,
				D86BF78B1E64D37C00884277 /* PhotosTask.swift */,
			);
			name = Tasks;
			sourceTree = "<group>";
		};
		D86BF7601E64A25800884277 /* Templates */ = {
			isa = PBXGroup;
			children = (
				D81753A51E678368003D8033 /* Templates.storyboard */,
				D86BF7661E64A42500884277 /* TemplatesViewer.swift */,
				D86BF7671E64A42500884277 /* TemplatesTable.swift */,
				D86BF7641E64A42500884277 /* TemplateEditor.swift */,
				D86BF7651E64A42500884277 /* TemplateEditorTable.swift */,
				D89299CF1E65E6D300CC2070 /* TaskEditor.swift */,
				D81753961E675BAD003D8033 /* TaskTypeEditor.swift */,
				D89299D21E65F5C900CC2070 /* TextTaskEditor.swift */,
				D81753931E675B95003D8033 /* NumberTaskEditor.swift */,
				D817539F1E675C34003D8033 /* ChoicesTaskEditor.swift */,
				D817539C1E675BED003D8033 /* PhotosTaskEditor.swift */,
			);
			name = Templates;
			sourceTree = "<group>";
		};
		D8C165CB1E47EBEE00129439 /* Extensions */ = {
			isa = PBXGroup;
			children = (
				D835A3DA1E635C31002C3EB1 /* Double.swift */,
				D835A3DB1E635C31002C3EB1 /* FUIButton.swift */,
				D835A3DC1E635C31002C3EB1 /* UIImage.swift */,
				D835A3DD1E635C31002C3EB1 /* UILabel.swift */,
				D835A3DE1E635C31002C3EB1 /* UITableViewCell.swift */,
				D835A3DF1E635C31002C3EB1 /* UITextField.swift */,
				D835A3E01E635C31002C3EB1 /* UITextView.swift */,
				D835A3E11E635C31002C3EB1 /* UIViewController.swift */,
				D8B820D81E678F0B005527C9 /* FUISwitch.swift */,
			);
			name = Extensions;
			sourceTree = "<group>";
		};
		D8C165E61E48FFD000129439 /* Images */ = {
			isa = PBXGroup;
			children = (
				D86BF74B1E63C6FB00884277 /* choices.png */,
				D86BF74C1E63C6FB00884277 /* choices@2x.png */,
				D86BF74D1E63C6FB00884277 /* choices@3x.png */,
				D858D9581E576B720059E0EF /* checkmark.png */,
				D858D9551E576B220059E0EF /* checkmark@2x.png */,
				D858D9571E576B720059E0EF /* checkmark@3x.png */,
				D89770A91E5B801100A9318D /* forms.png */,
				D89770A81E5B801100A9318D /* forms@2x.png */,
				D89770A71E5B801100A9318D /* forms@3x.png */,
				D8F1D6DC1E53A8F200A07F70 /* Icon 76.png */,
				D8F1D6DD1E53A8F200A07F70 /* Icon 120.png */,
				D8F1D6DE1E53A8F200A07F70 /* Icon 152.png */,
				D8F1D6DF1E53A8F200A07F70 /* Icon 167.png */,
				D8F1D6E01E53A8F200A07F70 /* Icon 180.png */,
				D8F1D6E11E53A8F200A07F70 /* Icon 228.png */,
				D897708C1E5B730700A9318D /* leftarrow.png */,
				D897708D1E5B730700A9318D /* leftarrow@2x.png */,
				D897708E1E5B730700A9318D /* leftarrow@3x.png */,
				D897709E1E5B797500A9318D /* location.png */,
				D897709F1E5B797500A9318D /* location@2x.png */,
				D89770A01E5B797500A9318D /* location@3x.png */,
				D86BF7571E63CA9B00884277 /* number.png */,
				D86BF7581E63CA9B00884277 /* number@2x.png */,
				D86BF7591E63CA9B00884277 /* number@3x.png */,
				D86BF7391E63B4AE00884277 /* photo.png */,
				D86BF73A1E63B4AE00884277 /* photo@2x.png */,
				D86BF73B1E63B4AE00884277 /* photo@3x.png */,
				D89770B61E5BC09F00A9318D /* plus.png */,
				D89770B71E5BC09F00A9318D /* plus@2x.png */,
				D89299CB1E64FABC00CC2070 /* refresh.png */,
				D89770851E5A98C100A9318D /* refresh@2x.png */,
				D89770831E5A98C100A9318D /* refresh@3x.png */,
				D89770951E5B731600A9318D /* rightarrow.png */,
				D89770961E5B731600A9318D /* rightarrow@2x.png */,
				D89770971E5B731600A9318D /* rightarrow@3x.png */,
				D86BF7421E63C60200884277 /* text.png */,
				D86BF7431E63C60200884277 /* text@2x.png */,
				D86BF7441E63C60200884277 /* text@3x.png */,
			);
			name = Images;
			sourceTree = "<group>";
		};
		D8E9547C1E622F71004D5D4C /* Singletons */ = {
			isa = PBXGroup;
			children = (
				D86BF72A1E6397EC00884277 /* LocationsManager.swift */,
				D86BF72B1E6397EC00884277 /* ServerManager.swift */,
				D86BF72C1E6397EC00884277 /* TemplatesManager.swift */,
			);
			name = Singletons;
			sourceTree = "<group>";
		};
		D8F234411E68DB000043D1C7 /* Views */ = {
			isa = PBXGroup;
			children = (
				D86BF7611E64A2B100884277 /* TasksToolbar.swift */,
			);
			name = Views;
			sourceTree = "<group>";
		};
/* End PBXGroup section */

/* Begin PBXNativeTarget section */
		D8549B961D67871B009DBE7A /* FieldTasksApp */ = {
			isa = PBXNativeTarget;
			buildConfigurationList = D8549BC21D67871B009DBE7A /* Build configuration list for PBXNativeTarget "FieldTasksApp" */;
			buildPhases = (
				83886228DA531A06D1F63217 /* [CP] Check Pods Manifest.lock */,
				D8549B931D67871B009DBE7A /* Sources */,
				D8549B941D67871B009DBE7A /* Frameworks */,
				D8549B951D67871B009DBE7A /* Resources */,
				5AE4DAFEBB361E35C27F5FBE /* [CP] Embed Pods Frameworks */,
				43D38B795521B690E7853A61 /* [CP] Copy Pods Resources */,
			);
			buildRules = (
			);
			dependencies = (
			);
			name = FieldTasksApp;
			productName = FieldTasksApp;
			productReference = D8549B971D67871B009DBE7A /* FieldTasksApp.app */;
			productType = "com.apple.product-type.application";
		};
		D85D53C21D710750006D31F2 /* FieldTasksApp Local */ = {
			isa = PBXNativeTarget;
			buildConfigurationList = D85D53D81D710750006D31F2 /* Build configuration list for PBXNativeTarget "FieldTasksApp Local" */;
			buildPhases = (
				4F43F7F7217746C1BFC8A30E /* [CP] Check Pods Manifest.lock */,
				D85D53C31D710750006D31F2 /* Sources */,
				D85D53D31D710750006D31F2 /* Frameworks */,
				D85D53D41D710750006D31F2 /* Resources */,
				9880C8660EBA7239B5A71DE6 /* [CP] Embed Pods Frameworks */,
				D8736DBDD5D940BF0790A6CC /* [CP] Copy Pods Resources */,
			);
			buildRules = (
			);
			dependencies = (
			);
			name = "FieldTasksApp Local";
			productName = FieldTasksApp;
			productReference = D85D53DB1D710750006D31F2 /* FieldTasksApp Local.app */;
			productType = "com.apple.product-type.application";
		};
/* End PBXNativeTarget section */

/* Begin PBXProject section */
		D8549B8F1D67871B009DBE7A /* Project object */ = {
			isa = PBXProject;
			attributes = {
				LastSwiftUpdateCheck = 0730;
				LastUpgradeCheck = 0820;
				ORGANIZATIONNAME = CRH;
				TargetAttributes = {
					D8549B961D67871B009DBE7A = {
						CreatedOnToolsVersion = 7.3.1;
						DevelopmentTeam = 4UNCRH2N42;
						LastSwiftMigration = 0820;
					};
					D85D53C21D710750006D31F2 = {
						DevelopmentTeam = 4UNCRH2N42;
						LastSwiftMigration = 0800;
					};
				};
			};
			buildConfigurationList = D8549B921D67871B009DBE7A /* Build configuration list for PBXProject "FieldTasksApp" */;
			compatibilityVersion = "Xcode 3.2";
			developmentRegion = English;
			hasScannedForEncodings = 0;
			knownRegions = (
				en,
				Base,
			);
			mainGroup = D8549B8E1D67871B009DBE7A;
			productRefGroup = D8549B981D67871B009DBE7A /* Products */;
			projectDirPath = "";
			projectRoot = "";
			targets = (
				D8549B961D67871B009DBE7A /* FieldTasksApp */,
				D85D53C21D710750006D31F2 /* FieldTasksApp Local */,
			);
		};
/* End PBXProject section */

/* Begin PBXResourcesBuildPhase section */
		D8549B951D67871B009DBE7A /* Resources */ = {
			isa = PBXResourcesBuildPhase;
			buildActionMask = 2147483647;
			files = (
				D86BF7491E63C60200884277 /* text@3x.png in Resources */,
				D89770AE1E5B801100A9318D /* forms.png in Resources */,
				D8F1D6F31E53A8F200A07F70 /* Icon 180.png in Resources */,
				D89770AC1E5B801100A9318D /* forms@2x.png in Resources */,
				D89770881E5A98C100A9318D /* refresh@2x.png in Resources */,
				D8F1D6F11E53A8F200A07F70 /* Icon 167.png in Resources */,
				D86BF7401E63B4AE00884277 /* photo@3x.png in Resources */,
				D8549BA81D67871B009DBE7A /* LaunchScreen.storyboard in Resources */,
				D86BF7451E63C60200884277 /* text.png in Resources */,
				D82411B31E36B405006D06E2 /* Lato-Bold.ttf in Resources */,
				D8549BA51D67871B009DBE7A /* Assets.xcassets in Resources */,
				D89770AA1E5B801100A9318D /* forms@3x.png in Resources */,
				D8F1D6F51E53A8F200A07F70 /* Icon 228.png in Resources */,
				D86BF7471E63C60200884277 /* text@2x.png in Resources */,
				D86BF75E1E63CA9B00884277 /* number@3x.png in Resources */,
				D89770B91E5BC09F00A9318D /* plus.png in Resources */,
				D897709A1E5B731600A9318D /* rightarrow@2x.png in Resources */,
				D89770BB1E5BC09F00A9318D /* plus@2x.png in Resources */,
				D86BF73C1E63B4AE00884277 /* photo.png in Resources */,
				D897708F1E5B730700A9318D /* leftarrow.png in Resources */,
				D858D9591E576B720059E0EF /* checkmark@3x.png in Resources */,
				D858D9561E576B220059E0EF /* checkmark@2x.png in Resources */,
				D86BF7521E63C6FB00884277 /* choices@3x.png in Resources */,
				D89770861E5A98C100A9318D /* refresh@3x.png in Resources */,
				D81753A61E678368003D8033 /* Templates.storyboard in Resources */,
				D86BF7501E63C6FB00884277 /* choices@2x.png in Resources */,
				D86BF75C1E63CA9B00884277 /* number@2x.png in Resources */,
				D89770A51E5B797500A9318D /* location@3x.png in Resources */,
				D8F1D6ED1E53A8F200A07F70 /* Icon 120.png in Resources */,
				D82411B91E36B405006D06E2 /* Lato-Regular.ttf in Resources */,
				D89299CC1E64FABC00CC2070 /* refresh.png in Resources */,
				D8549BA01D67871B009DBE7A /* Main.storyboard in Resources */,
				D89770A11E5B797500A9318D /* location.png in Resources */,
				D82411B51E36B405006D06E2 /* Lato-Italic.ttf in Resources */,
				D89770911E5B730700A9318D /* leftarrow@2x.png in Resources */,
				D8F1D6EB1E53A8F200A07F70 /* Icon 76.png in Resources */,
				D89770981E5B731600A9318D /* rightarrow.png in Resources */,
				D86BF74E1E63C6FB00884277 /* choices.png in Resources */,
				D897709C1E5B731600A9318D /* rightarrow@3x.png in Resources */,
				D89770A31E5B797500A9318D /* location@2x.png in Resources */,
				D86BF75A1E63CA9B00884277 /* number.png in Resources */,
				D858D95A1E576B720059E0EF /* checkmark.png in Resources */,
				D82411B11E36B405006D06E2 /* flat-ui-icons-regular.ttf in Resources */,
				D8F1D6EF1E53A8F200A07F70 /* Icon 152.png in Resources */,
				D89770931E5B730700A9318D /* leftarrow@3x.png in Resources */,
				D86BF73E1E63B4AE00884277 /* photo@2x.png in Resources */,
				D82411B71E36B405006D06E2 /* Lato-Light.ttf in Resources */,
			);
			runOnlyForDeploymentPostprocessing = 0;
		};
		D85D53D41D710750006D31F2 /* Resources */ = {
			isa = PBXResourcesBuildPhase;
			buildActionMask = 2147483647;
			files = (
				D89299CD1E64FABC00CC2070 /* refresh.png in Resources */,
				D86BF74A1E63C60200884277 /* text@3x.png in Resources */,
				D89770AF1E5B801100A9318D /* forms.png in Resources */,
				D858D95D1E576D770059E0EF /* checkmark@2x.png in Resources */,
				D89770AD1E5B801100A9318D /* forms@2x.png in Resources */,
				D8F1D6F41E53A8F200A07F70 /* Icon 180.png in Resources */,
				D897708A1E5A99C900A9318D /* refresh@2x.png in Resources */,
				D86BF7411E63B4AE00884277 /* photo@3x.png in Resources */,
				D8F1D6F21E53A8F200A07F70 /* Icon 167.png in Resources */,
				D86BF7461E63C60200884277 /* text.png in Resources */,
				D858D95B1E576D770059E0EF /* checkmark@3x.png in Resources */,
				D85D53D51D710750006D31F2 /* LaunchScreen.storyboard in Resources */,
				D82411B41E36B405006D06E2 /* Lato-Bold.ttf in Resources */,
				D89770AB1E5B801100A9318D /* forms@3x.png in Resources */,
				D86BF7481E63C60200884277 /* text@2x.png in Resources */,
				D86BF75F1E63CA9B00884277 /* number@3x.png in Resources */,
				D89770BA1E5BC09F00A9318D /* plus.png in Resources */,
				D897708B1E5A99C900A9318D /* refresh@3x.png in Resources */,
				D89770BC1E5BC09F00A9318D /* plus@2x.png in Resources */,
				D86BF73D1E63B4AE00884277 /* photo.png in Resources */,
				D897709B1E5B731600A9318D /* rightarrow@2x.png in Resources */,
				D89770901E5B730700A9318D /* leftarrow.png in Resources */,
				D85D53D61D710750006D31F2 /* Assets.xcassets in Resources */,
				D86BF7531E63C6FB00884277 /* choices@3x.png in Resources */,
				D81753A71E678368003D8033 /* Templates.storyboard in Resources */,
				D8F1D6F61E53A8F200A07F70 /* Icon 228.png in Resources */,
				D86BF7511E63C6FB00884277 /* choices@2x.png in Resources */,
				D86BF75D1E63CA9B00884277 /* number@2x.png in Resources */,
				D89770A61E5B797500A9318D /* location@3x.png in Resources */,
				D8F1D6EE1E53A8F200A07F70 /* Icon 120.png in Resources */,
				D82411BA1E36B405006D06E2 /* Lato-Regular.ttf in Resources */,
				D89770A21E5B797500A9318D /* location.png in Resources */,
				D85D53D71D710750006D31F2 /* Main.storyboard in Resources */,
				D89770921E5B730700A9318D /* leftarrow@2x.png in Resources */,
				D82411B61E36B405006D06E2 /* Lato-Italic.ttf in Resources */,
				D8F1D6EC1E53A8F200A07F70 /* Icon 76.png in Resources */,
				D86BF74F1E63C6FB00884277 /* choices.png in Resources */,
				D89770991E5B731600A9318D /* rightarrow.png in Resources */,
				D897709D1E5B731600A9318D /* rightarrow@3x.png in Resources */,
				D89770A41E5B797500A9318D /* location@2x.png in Resources */,
				D86BF75B1E63CA9B00884277 /* number.png in Resources */,
				D82411B21E36B405006D06E2 /* flat-ui-icons-regular.ttf in Resources */,
				D8F1D6F01E53A8F200A07F70 /* Icon 152.png in Resources */,
				D858D95C1E576D770059E0EF /* checkmark.png in Resources */,
				D89770941E5B730700A9318D /* leftarrow@3x.png in Resources */,
				D86BF73F1E63B4AE00884277 /* photo@2x.png in Resources */,
				D82411B81E36B405006D06E2 /* Lato-Light.ttf in Resources */,
			);
			runOnlyForDeploymentPostprocessing = 0;
		};
/* End PBXResourcesBuildPhase section */

/* Begin PBXShellScriptBuildPhase section */
		43D38B795521B690E7853A61 /* [CP] Copy Pods Resources */ = {
			isa = PBXShellScriptBuildPhase;
			buildActionMask = 2147483647;
			files = (
			);
			inputPaths = (
			);
			name = "[CP] Copy Pods Resources";
			outputPaths = (
			);
			runOnlyForDeploymentPostprocessing = 0;
			shellPath = /bin/sh;
			shellScript = "\"${SRCROOT}/Pods/Target Support Files/Pods-FieldTasksApp/Pods-FieldTasksApp-resources.sh\"\n";
			showEnvVarsInLog = 0;
		};
		4F43F7F7217746C1BFC8A30E /* [CP] Check Pods Manifest.lock */ = {
			isa = PBXShellScriptBuildPhase;
			buildActionMask = 2147483647;
			files = (
			);
			inputPaths = (
			);
			name = "[CP] Check Pods Manifest.lock";
			outputPaths = (
			);
			runOnlyForDeploymentPostprocessing = 0;
			shellPath = /bin/sh;
			shellScript = "diff \"${PODS_ROOT}/../Podfile.lock\" \"${PODS_ROOT}/Manifest.lock\" > /dev/null\nif [ $? != 0 ] ; then\n    # print error to STDERR\n    echo \"error: The sandbox is not in sync with the Podfile.lock. Run 'pod install' or update your CocoaPods installation.\" >&2\n    exit 1\nfi\n";
			showEnvVarsInLog = 0;
		};
		5AE4DAFEBB361E35C27F5FBE /* [CP] Embed Pods Frameworks */ = {
			isa = PBXShellScriptBuildPhase;
			buildActionMask = 2147483647;
			files = (
			);
			inputPaths = (
			);
			name = "[CP] Embed Pods Frameworks";
			outputPaths = (
			);
			runOnlyForDeploymentPostprocessing = 0;
			shellPath = /bin/sh;
			shellScript = "\"${SRCROOT}/Pods/Target Support Files/Pods-FieldTasksApp/Pods-FieldTasksApp-frameworks.sh\"\n";
			showEnvVarsInLog = 0;
		};
		83886228DA531A06D1F63217 /* [CP] Check Pods Manifest.lock */ = {
			isa = PBXShellScriptBuildPhase;
			buildActionMask = 2147483647;
			files = (
			);
			inputPaths = (
			);
			name = "[CP] Check Pods Manifest.lock";
			outputPaths = (
			);
			runOnlyForDeploymentPostprocessing = 0;
			shellPath = /bin/sh;
			shellScript = "diff \"${PODS_ROOT}/../Podfile.lock\" \"${PODS_ROOT}/Manifest.lock\" > /dev/null\nif [ $? != 0 ] ; then\n    # print error to STDERR\n    echo \"error: The sandbox is not in sync with the Podfile.lock. Run 'pod install' or update your CocoaPods installation.\" >&2\n    exit 1\nfi\n";
			showEnvVarsInLog = 0;
		};
		9880C8660EBA7239B5A71DE6 /* [CP] Embed Pods Frameworks */ = {
			isa = PBXShellScriptBuildPhase;
			buildActionMask = 2147483647;
			files = (
			);
			inputPaths = (
			);
			name = "[CP] Embed Pods Frameworks";
			outputPaths = (
			);
			runOnlyForDeploymentPostprocessing = 0;
			shellPath = /bin/sh;
			shellScript = "\"${SRCROOT}/Pods/Target Support Files/Pods-FieldTasksApp Local/Pods-FieldTasksApp Local-frameworks.sh\"\n";
			showEnvVarsInLog = 0;
		};
		D8736DBDD5D940BF0790A6CC /* [CP] Copy Pods Resources */ = {
			isa = PBXShellScriptBuildPhase;
			buildActionMask = 2147483647;
			files = (
			);
			inputPaths = (
			);
			name = "[CP] Copy Pods Resources";
			outputPaths = (
			);
			runOnlyForDeploymentPostprocessing = 0;
			shellPath = /bin/sh;
			shellScript = "\"${SRCROOT}/Pods/Target Support Files/Pods-FieldTasksApp Local/Pods-FieldTasksApp Local-resources.sh\"\n";
			showEnvVarsInLog = 0;
		};
/* End PBXShellScriptBuildPhase section */

/* Begin PBXSourcesBuildPhase section */
		D8549B931D67871B009DBE7A /* Sources */ = {
			isa = PBXSourcesBuildPhase;
			buildActionMask = 2147483647;
			files = (
				D86BF77A1E64A43800884277 /* PhotosTaskViewer.swift in Sources */,
				D8F1D7181E53A96900A07F70 /* Form.swift in Sources */,
				D86BF72D1E6397EC00884277 /* LocationsManager.swift in Sources */,
				D86BF7681E64A42500884277 /* TemplateEditor.swift in Sources */,
				D8F1D71A1E53A96900A07F70 /* Task.swift in Sources */,
				D86BF7761E64A43800884277 /* ChoicesTaskViewer.swift in Sources */,
				D835A3E51E635C31002C3EB1 /* UILabel.swift in Sources */,
				D86BF76E1E64A42500884277 /* TemplatesTable.swift in Sources */,
				D835A3E21E635C31002C3EB1 /* Double.swift in Sources */,
				D86BF78C1E64D37C00884277 /* PhotosTask.swift in Sources */,
				D86BF76C1E64A42500884277 /* TemplatesViewer.swift in Sources */,
				D82411A51E315517006D06E2 /* FormTasksViewer.swift in Sources */,
				D8DB034C1E4A5247001BA901 /* Template.swift in Sources */,
				D89770D51E5E1B8C00A9318D /* SynchronizedArray.swift in Sources */,
				D835A3E91E635C31002C3EB1 /* UIViewController.swift in Sources */,
				D835A3E71E635C31002C3EB1 /* UITextField.swift in Sources */,
				D86BF77C1E64A43800884277 /* TaskController.swift in Sources */,
				D86BF72E1E6397EC00884277 /* ServerManager.swift in Sources */,
				D8549BA31D67871B009DBE7A /* FieldTasksApp.xcdatamodeld in Sources */,
				D86BF7781E64A43800884277 /* NumberTaskViewer.swift in Sources */,
				D82411A11E301BE6006D06E2 /* FormsViewer.swift in Sources */,
				D835A3E61E635C31002C3EB1 /* UITableViewCell.swift in Sources */,
				D86BF72F1E6397EC00884277 /* TemplatesManager.swift in Sources */,
				D817539D1E675BED003D8033 /* PhotosTaskEditor.swift in Sources */,
				D86BF7801E64A43800884277 /* TextTaskViewer.swift in Sources */,
				D86BF76A1E64A42500884277 /* TemplateEditorTable.swift in Sources */,
				D81753A01E675C34003D8033 /* ChoicesTaskEditor.swift in Sources */,
				D89299D01E65E6D300CC2070 /* TaskEditor.swift in Sources */,
				D89770C01E5BC49200A9318D /* FormsTable.swift in Sources */,
				D89770D21E5CBBFD00A9318D /* LocationEditor.swift in Sources */,
				D835A3E81E635C31002C3EB1 /* UITextView.swift in Sources */,
				D835A3E31E635C31002C3EB1 /* FUIButton.swift in Sources */,
				D86BF77E1E64A43800884277 /* TasksViewer.swift in Sources */,
				D8549B9B1D67871B009DBE7A /* AppDelegate.swift in Sources */,
				D85D53DE1D710D94006D31F2 /* Globals.swift in Sources */,
				D835A3E41E635C31002C3EB1 /* UIImage.swift in Sources */,
				D86BF7831E64D2E400884277 /* TextTask.swift in Sources */,
				D87390171E3BCC5500142FD6 /* PhotoFileList.swift in Sources */,
				D86BF7621E64A2B100884277 /* TasksToolbar.swift in Sources */,
				D85C8C0E1E45289300B5404F /* LocationsViewer.swift in Sources */,
				D81753941E675B95003D8033 /* NumberTaskEditor.swift in Sources */,
				D86BF7861E64D31E00884277 /* NumberTask.swift in Sources */,
				D8F1D70E1E53A92700A07F70 /* FormViewer.swift in Sources */,
				D8F1D71C1E53A96900A07F70 /* FTLocation.swift in Sources */,
				D86BF7261E638F3D00884277 /* Shared.swift in Sources */,
				D81753971E675BAD003D8033 /* TaskTypeEditor.swift in Sources */,
				D8B820D91E678F0B005527C9 /* FUISwitch.swift in Sources */,
				D89299D31E65F5C900CC2070 /* TextTaskEditor.swift in Sources */,
				D86BF7891E64D35000884277 /* ChoicesTask.swift in Sources */,
			);
			runOnlyForDeploymentPostprocessing = 0;
		};
		D85D53C31D710750006D31F2 /* Sources */ = {
			isa = PBXSourcesBuildPhase;
			buildActionMask = 2147483647;
			files = (
				D86BF77B1E64A43800884277 /* PhotosTaskViewer.swift in Sources */,
				D84AAF2D1E4531EA000D584F /* LocationsViewer.swift in Sources */,
				D82411A61E315517006D06E2 /* FormTasksViewer.swift in Sources */,
				D86BF7301E63982800884277 /* LocationsManager.swift in Sources */,
				D86BF7771E64A43800884277 /* ChoicesTaskViewer.swift in Sources */,
				D86BF7691E64A42500884277 /* TemplateEditor.swift in Sources */,
				D85D53CA1D710750006D31F2 /* FieldTasksApp.xcdatamodeld in Sources */,
				D86BF76F1E64A42500884277 /* TemplatesTable.swift in Sources */,
				D86BF7271E63974500884277 /* Shared.swift in Sources */,
				D86BF78D1E64D37C00884277 /* PhotosTask.swift in Sources */,
				D82411A31E301D5A006D06E2 /* FormsViewer.swift in Sources */,
				D835A3EC1E635C58002C3EB1 /* Double.swift in Sources */,
				D86BF76D1E64A42500884277 /* TemplatesViewer.swift in Sources */,
				D835A3F31E635C58002C3EB1 /* UIViewController.swift in Sources */,
				D8F1D7191E53A96900A07F70 /* Form.swift in Sources */,
				D835A3EF1E635C58002C3EB1 /* UILabel.swift in Sources */,
				D86BF77D1E64A43800884277 /* TaskController.swift in Sources */,
				D835A3ED1E635C58002C3EB1 /* FUIButton.swift in Sources */,
				D8DB034D1E4A5274001BA901 /* Template.swift in Sources */,
				D86BF7791E64A43800884277 /* NumberTaskViewer.swift in Sources */,
				D89770C11E5BC49200A9318D /* FormsTable.swift in Sources */,
				D86BF7311E63982800884277 /* ServerManager.swift in Sources */,
				D8F1D71B1E53A96900A07F70 /* Task.swift in Sources */,
				D817539E1E675BED003D8033 /* PhotosTaskEditor.swift in Sources */,
				D86BF7811E64A43800884277 /* TextTaskViewer.swift in Sources */,
				D835A3F01E635C58002C3EB1 /* UITableViewCell.swift in Sources */,
				D81753A11E675C34003D8033 /* ChoicesTaskEditor.swift in Sources */,
				D89299D11E65E6D300CC2070 /* TaskEditor.swift in Sources */,
				D8F1D71D1E53A96900A07F70 /* FTLocation.swift in Sources */,
				D86BF7321E63982800884277 /* TemplatesManager.swift in Sources */,
				D86BF76B1E64A42500884277 /* TemplateEditorTable.swift in Sources */,
				D86BF77F1E64A43800884277 /* TasksViewer.swift in Sources */,
				D835A3F11E635C58002C3EB1 /* UITextField.swift in Sources */,
				D8F1D70F1E53A92700A07F70 /* FormViewer.swift in Sources */,
				D835A3EE1E635C58002C3EB1 /* UIImage.swift in Sources */,
				D87390181E3BCC5500142FD6 /* PhotoFileList.swift in Sources */,
				D86BF7841E64D2E400884277 /* TextTask.swift in Sources */,
				D85D53CF1D710750006D31F2 /* AppDelegate.swift in Sources */,
				D835A3F21E635C58002C3EB1 /* UITextView.swift in Sources */,
				D85D53E11D711051006D31F2 /* Globals.swift in Sources */,
				D81753951E675B95003D8033 /* NumberTaskEditor.swift in Sources */,
				D86BF7871E64D31E00884277 /* NumberTask.swift in Sources */,
				D86BF7631E64A2B100884277 /* TasksToolbar.swift in Sources */,
				D89770D61E5E1B8C00A9318D /* SynchronizedArray.swift in Sources */,
				D89770D31E5CBBFD00A9318D /* LocationEditor.swift in Sources */,
				D81753981E675BAD003D8033 /* TaskTypeEditor.swift in Sources */,
				D8B820DA1E678F0B005527C9 /* FUISwitch.swift in Sources */,
				D89299D41E65F5C900CC2070 /* TextTaskEditor.swift in Sources */,
				D86BF78A1E64D35000884277 /* ChoicesTask.swift in Sources */,
			);
			runOnlyForDeploymentPostprocessing = 0;
		};
/* End PBXSourcesBuildPhase section */

/* Begin PBXVariantGroup section */
		D8549B9E1D67871B009DBE7A /* Main.storyboard */ = {
			isa = PBXVariantGroup;
			children = (
				D8549B9F1D67871B009DBE7A /* Base */,
			);
			name = Main.storyboard;
			sourceTree = "<group>";
		};
		D8549BA61D67871B009DBE7A /* LaunchScreen.storyboard */ = {
			isa = PBXVariantGroup;
			children = (
				D8549BA71D67871B009DBE7A /* Base */,
			);
			name = LaunchScreen.storyboard;
			sourceTree = "<group>";
		};
/* End PBXVariantGroup section */

/* Begin XCBuildConfiguration section */
		D8549BC01D67871B009DBE7A /* Debug */ = {
			isa = XCBuildConfiguration;
			buildSettings = {
				ALWAYS_SEARCH_USER_PATHS = NO;
				CLANG_ANALYZER_NONNULL = YES;
				CLANG_CXX_LANGUAGE_STANDARD = "gnu++0x";
				CLANG_CXX_LIBRARY = "libc++";
				CLANG_ENABLE_MODULES = YES;
				CLANG_ENABLE_OBJC_ARC = YES;
				CLANG_WARN_BOOL_CONVERSION = YES;
				CLANG_WARN_CONSTANT_CONVERSION = YES;
				CLANG_WARN_DIRECT_OBJC_ISA_USAGE = YES_ERROR;
				CLANG_WARN_EMPTY_BODY = YES;
				CLANG_WARN_ENUM_CONVERSION = YES;
				CLANG_WARN_INFINITE_RECURSION = YES;
				CLANG_WARN_INT_CONVERSION = YES;
				CLANG_WARN_OBJC_ROOT_CLASS = YES_ERROR;
				CLANG_WARN_SUSPICIOUS_MOVE = YES;
				CLANG_WARN_UNREACHABLE_CODE = YES;
				CLANG_WARN__DUPLICATE_METHOD_MATCH = YES;
				"CODE_SIGN_IDENTITY[sdk=iphoneos*]" = "iPhone Developer";
				COPY_PHASE_STRIP = NO;
				DEBUG_INFORMATION_FORMAT = dwarf;
				ENABLE_STRICT_OBJC_MSGSEND = YES;
				ENABLE_TESTABILITY = YES;
				GCC_C_LANGUAGE_STANDARD = gnu99;
				GCC_DYNAMIC_NO_PIC = NO;
				GCC_NO_COMMON_BLOCKS = YES;
				GCC_OPTIMIZATION_LEVEL = 0;
				GCC_PREPROCESSOR_DEFINITIONS = (
					"DEBUG=1",
					"$(inherited)",
				);
				GCC_WARN_64_TO_32_BIT_CONVERSION = YES;
				GCC_WARN_ABOUT_RETURN_TYPE = YES_ERROR;
				GCC_WARN_UNDECLARED_SELECTOR = YES;
				GCC_WARN_UNINITIALIZED_AUTOS = YES_AGGRESSIVE;
				GCC_WARN_UNUSED_FUNCTION = YES;
				GCC_WARN_UNUSED_VARIABLE = YES;
				IPHONEOS_DEPLOYMENT_TARGET = 9.0;
				MTL_ENABLE_DEBUG_INFO = YES;
				ONLY_ACTIVE_ARCH = YES;
				"OTHER_SWIFT_FLAGS[arch=*]" = "";
				SDKROOT = iphoneos;
				SWIFT_OPTIMIZATION_LEVEL = "-Onone";
				TARGETED_DEVICE_FAMILY = "1,2";
			};
			name = Debug;
		};
		D8549BC11D67871B009DBE7A /* Release */ = {
			isa = XCBuildConfiguration;
			buildSettings = {
				ALWAYS_SEARCH_USER_PATHS = NO;
				CLANG_ANALYZER_NONNULL = YES;
				CLANG_CXX_LANGUAGE_STANDARD = "gnu++0x";
				CLANG_CXX_LIBRARY = "libc++";
				CLANG_ENABLE_MODULES = YES;
				CLANG_ENABLE_OBJC_ARC = YES;
				CLANG_WARN_BOOL_CONVERSION = YES;
				CLANG_WARN_CONSTANT_CONVERSION = YES;
				CLANG_WARN_DIRECT_OBJC_ISA_USAGE = YES_ERROR;
				CLANG_WARN_EMPTY_BODY = YES;
				CLANG_WARN_ENUM_CONVERSION = YES;
				CLANG_WARN_INFINITE_RECURSION = YES;
				CLANG_WARN_INT_CONVERSION = YES;
				CLANG_WARN_OBJC_ROOT_CLASS = YES_ERROR;
				CLANG_WARN_SUSPICIOUS_MOVE = YES;
				CLANG_WARN_UNREACHABLE_CODE = YES;
				CLANG_WARN__DUPLICATE_METHOD_MATCH = YES;
				"CODE_SIGN_IDENTITY[sdk=iphoneos*]" = "iPhone Developer";
				COPY_PHASE_STRIP = NO;
				DEBUG_INFORMATION_FORMAT = "dwarf-with-dsym";
				ENABLE_NS_ASSERTIONS = NO;
				ENABLE_STRICT_OBJC_MSGSEND = YES;
				GCC_C_LANGUAGE_STANDARD = gnu99;
				GCC_NO_COMMON_BLOCKS = YES;
				GCC_WARN_64_TO_32_BIT_CONVERSION = YES;
				GCC_WARN_ABOUT_RETURN_TYPE = YES_ERROR;
				GCC_WARN_UNDECLARED_SELECTOR = YES;
				GCC_WARN_UNINITIALIZED_AUTOS = YES_AGGRESSIVE;
				GCC_WARN_UNUSED_FUNCTION = YES;
				GCC_WARN_UNUSED_VARIABLE = YES;
				IPHONEOS_DEPLOYMENT_TARGET = 9.0;
				MTL_ENABLE_DEBUG_INFO = NO;
				OTHER_SWIFT_FLAGS = "";
				SDKROOT = iphoneos;
				SWIFT_OPTIMIZATION_LEVEL = "-Owholemodule";
				TARGETED_DEVICE_FAMILY = "1,2";
				VALIDATE_PRODUCT = YES;
			};
			name = Release;
		};
		D8549BC31D67871B009DBE7A /* Debug */ = {
			isa = XCBuildConfiguration;
			baseConfigurationReference = D470DF1679B69F1B3B8C4D0C /* Pods-FieldTasksApp.debug.xcconfig */;
			buildSettings = {
				ALWAYS_EMBED_SWIFT_STANDARD_LIBRARIES = YES;
				ASSETCATALOG_COMPILER_APPICON_NAME = AppIcon;
				CLANG_ENABLE_MODULES = YES;
				CODE_SIGN_IDENTITY = "iPhone Developer";
				"CODE_SIGN_IDENTITY[sdk=iphoneos*]" = "iPhone Developer";
				DEVELOPMENT_TEAM = 4UNCRH2N42;
				INFOPLIST_FILE = FieldTasksApp/Info.plist;
				LD_RUNPATH_SEARCH_PATHS = "$(inherited) @executable_path/Frameworks";
				OTHER_SWIFT_FLAGS = "";
				"OTHER_SWIFT_FLAGS[arch=*]" = "-D \"CocoaPods\"";
				PRODUCT_BUNDLE_IDENTIFIER = nVariance.FieldTasksApp;
				PRODUCT_NAME = "$(TARGET_NAME)";
				PROVISIONING_PROFILE = "";
				SWIFT_OPTIMIZATION_LEVEL = "-Onone";
				SWIFT_VERSION = 3.0;
			};
			name = Debug;
		};
		D8549BC41D67871B009DBE7A /* Release */ = {
			isa = XCBuildConfiguration;
			baseConfigurationReference = 4BEB6C5B210DC95D925F6144 /* Pods-FieldTasksApp.release.xcconfig */;
			buildSettings = {
				ALWAYS_EMBED_SWIFT_STANDARD_LIBRARIES = YES;
				ASSETCATALOG_COMPILER_APPICON_NAME = AppIcon;
				CLANG_ENABLE_MODULES = YES;
				CODE_SIGN_IDENTITY = "iPhone Developer";
				"CODE_SIGN_IDENTITY[sdk=iphoneos*]" = "iPhone Developer";
				DEVELOPMENT_TEAM = 4UNCRH2N42;
				INFOPLIST_FILE = FieldTasksApp/Info.plist;
				LD_RUNPATH_SEARCH_PATHS = "$(inherited) @executable_path/Frameworks";
				OTHER_SWIFT_FLAGS = "";
				"OTHER_SWIFT_FLAGS[arch=*]" = "-D \"CocoaPods\"";
				PRODUCT_BUNDLE_IDENTIFIER = nVariance.FieldTasksApp;
				PRODUCT_NAME = "$(TARGET_NAME)";
				PROVISIONING_PROFILE = "";
				SWIFT_VERSION = 3.0;
			};
			name = Release;
		};
		D85D53D91D710750006D31F2 /* Debug */ = {
			isa = XCBuildConfiguration;
			baseConfigurationReference = 65BD1D570094E531AEA25ED4 /* Pods-FieldTasksApp Local.debug.xcconfig */;
			buildSettings = {
				ALWAYS_EMBED_SWIFT_STANDARD_LIBRARIES = YES;
				ASSETCATALOG_COMPILER_APPICON_NAME = AppIcon;
				CODE_SIGN_IDENTITY = "iPhone Developer";
				"CODE_SIGN_IDENTITY[sdk=iphoneos*]" = "iPhone Developer";
				DEVELOPMENT_TEAM = 4UNCRH2N42;
				INFOPLIST_FILE = "FieldTasksApp copy-Info.plist";
				LD_RUNPATH_SEARCH_PATHS = "$(inherited) @executable_path/Frameworks";
				"OTHER_SWIFT_FLAGS[arch=*]" = "-D LOCALHOST";
				PRODUCT_BUNDLE_IDENTIFIER = nVariance.FieldTasksApp;
				PRODUCT_NAME = "$(TARGET_NAME)";
				PROVISIONING_PROFILE = "";
				SWIFT_VERSION = 3.0;
				TARGETED_DEVICE_FAMILY = "1,2";
			};
			name = Debug;
		};
		D85D53DA1D710750006D31F2 /* Release */ = {
			isa = XCBuildConfiguration;
			baseConfigurationReference = CAEB5688752EF3DB8FAD426F /* Pods-FieldTasksApp Local.release.xcconfig */;
			buildSettings = {
				ALWAYS_EMBED_SWIFT_STANDARD_LIBRARIES = YES;
				ASSETCATALOG_COMPILER_APPICON_NAME = AppIcon;
				CODE_SIGN_IDENTITY = "iPhone Developer";
				"CODE_SIGN_IDENTITY[sdk=iphoneos*]" = "iPhone Developer";
				DEVELOPMENT_TEAM = 4UNCRH2N42;
				INFOPLIST_FILE = "FieldTasksApp copy-Info.plist";
				LD_RUNPATH_SEARCH_PATHS = "$(inherited) @executable_path/Frameworks";
				OTHER_SWIFT_FLAGS = "-D LOCALHOST";
				PRODUCT_BUNDLE_IDENTIFIER = nVariance.FieldTasksApp;
				PRODUCT_NAME = "$(TARGET_NAME)";
				PROVISIONING_PROFILE = "";
				SWIFT_VERSION = 3.0;
				TARGETED_DEVICE_FAMILY = "1,2";
			};
			name = Release;
		};
/* End XCBuildConfiguration section */

/* Begin XCConfigurationList section */
		D8549B921D67871B009DBE7A /* Build configuration list for PBXProject "FieldTasksApp" */ = {
			isa = XCConfigurationList;
			buildConfigurations = (
				D8549BC01D67871B009DBE7A /* Debug */,
				D8549BC11D67871B009DBE7A /* Release */,
			);
			defaultConfigurationIsVisible = 0;
			defaultConfigurationName = Release;
		};
		D8549BC21D67871B009DBE7A /* Build configuration list for PBXNativeTarget "FieldTasksApp" */ = {
			isa = XCConfigurationList;
			buildConfigurations = (
				D8549BC31D67871B009DBE7A /* Debug */,
				D8549BC41D67871B009DBE7A /* Release */,
			);
			defaultConfigurationIsVisible = 0;
			defaultConfigurationName = Release;
		};
		D85D53D81D710750006D31F2 /* Build configuration list for PBXNativeTarget "FieldTasksApp Local" */ = {
			isa = XCConfigurationList;
			buildConfigurations = (
				D85D53D91D710750006D31F2 /* Debug */,
				D85D53DA1D710750006D31F2 /* Release */,
			);
			defaultConfigurationIsVisible = 0;
			defaultConfigurationName = Release;
		};
/* End XCConfigurationList section */

/* Begin XCVersionGroup section */
		D8549BA11D67871B009DBE7A /* FieldTasksApp.xcdatamodeld */ = {
			isa = XCVersionGroup;
			children = (
				D8549BA21D67871B009DBE7A /* FieldTasksApp.xcdatamodel */,
			);
			currentVersion = D8549BA21D67871B009DBE7A /* FieldTasksApp.xcdatamodel */;
			path = FieldTasksApp.xcdatamodeld;
			sourceTree = "<group>";
			versionGroupType = wrapper.xcdatamodel;
		};
/* End XCVersionGroup section */
	};
	rootObject = D8549B8F1D67871B009DBE7A /* Project object */;
}
